// !$*UTF8*$!
{
	archiveVersion = 1;
	classes = {
	};
	objectVersion = 46;
	objects = {

/* Begin PBXBuildFile section */
		D466760E1CB0E4510013EE6B /* AppDelegate.swift in Sources */ = {isa = PBXBuildFile; fileRef = D466760D1CB0E4510013EE6B /* AppDelegate.swift */; };
		D46676101CB0E4510013EE6B /* ViewController.swift in Sources */ = {isa = PBXBuildFile; fileRef = D466760F1CB0E4510013EE6B /* ViewController.swift */; };
		D46676131CB0E4510013EE6B /* Main.storyboard in Resources */ = {isa = PBXBuildFile; fileRef = D46676111CB0E4510013EE6B /* Main.storyboard */; };
		D46676151CB0E4510013EE6B /* Assets.xcassets in Resources */ = {isa = PBXBuildFile; fileRef = D46676141CB0E4510013EE6B /* Assets.xcassets */; };
		D46676181CB0E4510013EE6B /* LaunchScreen.storyboard in Resources */ = {isa = PBXBuildFile; fileRef = D46676161CB0E4510013EE6B /* LaunchScreen.storyboard */; };
/* End PBXBuildFile section */

/* Begin PBXFileReference section */
		D466760A1CB0E4510013EE6B /* LayerAnimationWithLogin.app */ = {isa = PBXFileReference; explicitFileType = wrapper.application; includeInIndex = 0; path = LayerAnimationWithLogin.app; sourceTree = BUILT_PRODUCTS_DIR; };
		D466760D1CB0E4510013EE6B /* AppDelegate.swift */ = {isa = PBXFileReference; lastKnownFileType = sourcecode.swift; path = AppDelegate.swift; sourceTree = "<group>"; };
		D466760F1CB0E4510013EE6B /* ViewController.swift */ = {isa = PBXFileReference; lastKnownFileType = sourcecode.swift; path = ViewController.swift; sourceTree = "<group>"; };
		D46676121CB0E4510013EE6B /* Base */ = {isa = PBXFileReference; lastKnownFileType = file.storyboard; name = Base; path = Base.lproj/Main.storyboard; sourceTree = "<group>"; };
		D46676141CB0E4510013EE6B /* Assets.xcassets */ = {isa = PBXFileReference; lastKnownFileType = folder.assetcatalog; path = Assets.xcassets; sourceTree = "<group>"; };
		D46676171CB0E4510013EE6B /* Base */ = {isa = PBXFileReference; lastKnownFileType = file.storyboard; name = Base; path = Base.lproj/LaunchScreen.storyboard; sourceTree = "<group>"; };
		D46676191CB0E4510013EE6B /* Info.plist */ = {isa = PBXFileReference; lastKnownFileType = text.plist.xml; path = Info.plist; sourceTree = "<group>"; };
/* End PBXFileReference section */

/* Begin PBXFrameworksBuildPhase section */
		D46676071CB0E4510013EE6B /* Frameworks */ = {
			isa = PBXFrameworksBuildPhase;
			buildActionMask = 2147483647;
			files = (
			);
			runOnlyForDeploymentPostprocessing = 0;
		};
/* End PBXFrameworksBuildPhase section */

/* Begin PBXGroup section */
		D46676011CB0E4510013EE6B = {
			isa = PBXGroup;
			children = (
				D466760C1CB0E4510013EE6B /* LayerAnimationWithLogin */,
				D466760B1CB0E4510013EE6B /* Products */,
			);
			sourceTree = "<group>";
		};
		D466760B1CB0E4510013EE6B /* Products */ = {
			isa = PBXGroup;
			children = (
				D466760A1CB0E4510013EE6B /* LayerAnimationWithLogin.app */,
			);
			name = Products;
			sourceTree = "<group>";
		};
		D466760C1CB0E4510013EE6B /* LayerAnimationWithLogin */ = {
			isa = PBXGroup;
			children = (
				D466760D1CB0E4510013EE6B /* AppDelegate.swift */,
				D466760F1CB0E4510013EE6B /* ViewController.swift */,
				D46676111CB0E4510013EE6B /* Main.storyboard */,
				D46676141CB0E4510013EE6B /* Assets.xcassets */,
				D46676161CB0E4510013EE6B /* LaunchScreen.storyboard */,
				D46676191CB0E4510013EE6B /* Info.plist */,
			);
			path = LayerAnimationWithLogin;
			sourceTree = "<group>";
		};
/* End PBXGroup section */

/* Begin PBXNativeTarget section */
		D46676091CB0E4510013EE6B /* LayerAnimationWithLogin */ = {
			isa = PBXNativeTarget;
			buildConfigurationList = D466761C1CB0E4510013EE6B /* Build configuration list for PBXNativeTarget "LayerAnimationWithLogin" */;
			buildPhases = (
				D46676061CB0E4510013EE6B /* Sources */,
				D46676071CB0E4510013EE6B /* Frameworks */,
				D46676081CB0E4510013EE6B /* Resources */,
			);
			buildRules = (
			);
			dependencies = (
			);
			name = LayerAnimationWithLogin;
			productName = LayerAnimationWithLogin;
			productReference = D466760A1CB0E4510013EE6B /* LayerAnimationWithLogin.app */;
			productType = "com.apple.product-type.application";
		};
/* End PBXNativeTarget section */

/* Begin PBXProject section */
		D46676021CB0E4510013EE6B /* Project object */ = {
			isa = PBXProject;
			attributes = {
				LastSwiftUpdateCheck = 0710;
				LastUpgradeCheck = 0710;
				ORGANIZATIONNAME = RogerChen;
				TargetAttributes = {
					D46676091CB0E4510013EE6B = {
						CreatedOnToolsVersion = 7.1.1;
					};
				};
			};
			buildConfigurationList = D46676051CB0E4510013EE6B /* Build configuration list for PBXProject "LayerAnimationWithLogin" */;
			compatibilityVersion = "Xcode 3.2";
			developmentRegion = English;
			hasScannedForEncodings = 0;
			knownRegions = (
				en,
				Base,
			);
			mainGroup = D46676011CB0E4510013EE6B;
			productRefGroup = D466760B1CB0E4510013EE6B /* Products */;
			projectDirPath = "";
			projectRoot = "";
			targets = (
				D46676091CB0E4510013EE6B /* LayerAnimationWithLogin */,
			);
		};
/* End PBXProject section */

/* Begin PBXResourcesBuildPhase section */
		D46676081CB0E4510013EE6B /* Resources */ = {
			isa = PBXResourcesBuildPhase;
			buildActionMask = 2147483647;
			files = (
				D46676181CB0E4510013EE6B /* LaunchScreen.storyboard in Resources */,
				D46676151CB0E4510013EE6B /* Assets.xcassets in Resources */,
				D46676131CB0E4510013EE6B /* Main.storyboard in Resources */,
			);
			runOnlyForDeploymentPostprocessing = 0;
		};
/* End PBXResourcesBuildPhase section */

/* Begin PBXSourcesBuildPhase section */
		D46676061CB0E4510013EE6B /* Sources */ = {
			isa = PBXSourcesBuildPhase;
			buildActionMask = 2147483647;
			files = (
				D46676101CB0E4510013EE6B /* ViewController.swift in Sources */,
				D466760E1CB0E4510013EE6B /* AppDelegate.swift in Sources */,
			);
			runOnlyForDeploymentPostprocessing = 0;
		};
/* End PBXSourcesBuildPhase section */

/* Begin PBXVariantGroup section */
		D46676111CB0E4510013EE6B /* Main.storyboard */ = {
			isa = PBXVariantGroup;
			children = (
				D46676121CB0E4510013EE6B /* Base */,
			);
			name = Main.storyboard;
			sourceTree = "<group>";
		};
		D46676161CB0E4510013EE6B /* LaunchScreen.storyboard */ = {
			isa = PBXVariantGroup;
			children = (
				D46676171CB0E4510013EE6B /* Base */,
			);
			name = LaunchScreen.storyboard;
			sourceTree = "<group>";
		};
/* End PBXVariantGroup section */

/* Begin XCBuildConfiguration section */
		D466761A1CB0E4510013EE6B /* Debug */ = {
			isa = XCBuildConfiguration;
			buildSettings = {
				ALWAYS_SEARCH_USER_PATHS = NO;
				CLANG_CXX_LANGUAGE_STANDARD = "gnu++0x";
				CLANG_CXX_LIBRARY = "libc++";
				CLANG_ENABLE_MODULES = YES;
				CLANG_ENABLE_OBJC_ARC = YES;
				CLANG_WARN_BOOL_CONVERSION = YES;
				CLANG_WARN_CONSTANT_CONVERSION = YES;
				CLANG_WARN_DIRECT_OBJC_ISA_USAGE = YES_ERROR;
				CLANG_WARN_EMPTY_BODY = YES;
				CLANG_WARN_ENUM_CONVERSION = YES;
				CLANG_WARN_INT_CONVERSION = YES;
				CLANG_WARN_OBJC_ROOT_CLASS = YES_ERROR;
				CLANG_WARN_UNREACHABLE_CODE = YES;
				CLANG_WARN__DUPLICATE_METHOD_MATCH = YES;
				"CODE_SIGN_IDENTITY[sdk=iphoneos*]" = "iPhone Developer";
				COPY_PHASE_STRIP = NO;
				DEBUG_INFORMATION_FORMAT = dwarf;
				ENABLE_STRICT_OBJC_MSGSEND = YES;
				ENABLE_TESTABILITY = YES;
				GCC_C_LANGUAGE_STANDARD = gnu99;
				GCC_DYNAMIC_NO_PIC = NO;
				GCC_NO_COMMON_BLOCKS = YES;
				GCC_OPTIMIZATION_LEVEL = 0;
				GCC_PREPROCESSOR_DEFINITIONS = (
					"DEBUG=1",
					"$(inherited)",
				);
				GCC_WARN_64_TO_32_BIT_CONVERSION = YES;
				GCC_WARN_ABOUT_RETURN_TYPE = YES_ERROR;
				GCC_WARN_UNDECLARED_SELECTOR = YES;
				GCC_WARN_UNINITIALIZED_AUTOS = YES_AGGRESSIVE;
				GCC_WARN_UNUSED_FUNCTION = YES;
				GCC_WARN_UNUSED_VARIABLE = YES;
				IPHONEOS_DEPLOYMENT_TARGET = 9.1;
				MTL_ENABLE_DEBUG_INFO = YES;
				ONLY_ACTIVE_ARCH = YES;
				SDKROOT = iphoneos;
				SWIFT_OPTIMIZATION_LEVEL = "-Onone";
				TARGETED_DEVICE_FAMILY = "1,2";
			};
			name = Debug;
		};
		D466761B1CB0E4510013EE6B /* Release */ = {
			isa = XCBuildConfiguration;
			buildSettings = {
				ALWAYS_SEARCH_USER_PATHS = NO;
				CLANG_CXX_LANGUAGE_STANDARD = "gnu++0x";
				CLANG_CXX_LIBRARY = "libc++";
				CLANG_ENABLE_MODULES = YES;
				CLANG_ENABLE_OBJC_ARC = YES;
				CLANG_WARN_BOOL_CONVERSION = YES;
				CLANG_WARN_CONSTANT_CONVERSION = YES;
				CLANG_WARN_DIRECT_OBJC_ISA_USAGE = YES_ERROR;
				CLANG_WARN_EMPTY_BODY = YES;
				CLANG_WARN_ENUM_CONVERSION = YES;
				CLANG_WARN_INT_CONVERSION = YES;
				CLANG_WARN_OBJC_ROOT_CLASS = YES_ERROR;
				CLANG_WARN_UNREACHABLE_CODE = YES;
				CLANG_WARN__DUPLICATE_METHOD_MATCH = YES;
				"CODE_SIGN_IDENTITY[sdk=iphoneos*]" = "iPhone Developer";
				COPY_PHASE_STRIP = NO;
				DEBUG_INFORMATION_FORMAT = "dwarf-with-dsym";
				ENABLE_NS_ASSERTIONS = NO;
				ENABLE_STRICT_OBJC_MSGSEND = YES;
				GCC_C_LANGUAGE_STANDARD = gnu99;
				GCC_NO_COMMON_BLOCKS = YES;
				GCC_WARN_64_TO_32_BIT_CONVERSION = YES;
				GCC_WARN_ABOUT_RETURN_TYPE = YES_ERROR;
				GCC_WARN_UNDECLARED_SELECTOR = YES;
				GCC_WARN_UNINITIALIZED_AUTOS = YES_AGGRESSIVE;
				GCC_WARN_UNUSED_FUNCTION = YES;
				GCC_WARN_UNUSED_VARIABLE = YES;
				IPHONEOS_DEPLOYMENT_TARGET = 9.1;
				MTL_ENABLE_DEBUG_INFO = NO;
				SDKROOT = iphoneos;
				TARGETED_DEVICE_FAMILY = "1,2";
				VALIDATE_PRODUCT = YES;
			};
			name = Release;
		};
		D466761D1CB0E4510013EE6B /* Debug */ = {
			isa = XCBuildConfiguration;
			buildSettings = {
				ASSETCATALOG_COMPILER_APPICON_NAME = AppIcon;
				INFOPLIST_FILE = LayerAnimationWithLogin/Info.plist;
				LD_RUNPATH_SEARCH_PATHS = "$(inherited) @executable_path/Frameworks";
				PRODUCT_BUNDLE_IDENTIFIER = com.RogerChen.LayerAnimationWithLogin;
				PRODUCT_NAME = "$(TARGET_NAME)";
			};
			name = Debug;
		};
		D466761E1CB0E4510013EE6B /* Release */ = {
			isa = XCBuildConfiguration;
			buildSettings = {
				ASSETCATALOG_COMPILER_APPICON_NAME = AppIcon;
				INFOPLIST_FILE = LayerAnimationWithLogin/Info.plist;
				LD_RUNPATH_SEARCH_PATHS = "$(inherited) @executable_path/Frameworks";
				PRODUCT_BUNDLE_IDENTIFIER = com.RogerChen.LayerAnimationWithLogin;
				PRODUCT_NAME = "$(TARGET_NAME)";
			};
			name = Release;
		};
/* End XCBuildConfiguration section */

/* Begin XCConfigurationList section */
		D46676051CB0E4510013EE6B /* Build configuration list for PBXProject "LayerAnimationWithLogin" */ = {
			isa = XCConfigurationList;
			buildConfigurations = (
				D466761A1CB0E4510013EE6B /* Debug */,
				D466761B1CB0E4510013EE6B /* Release */,
			);
			defaultConfigurationIsVisible = 0;
			defaultConfigurationName = Release;
		};
		D466761C1CB0E4510013EE6B /* Build configuration list for PBXNativeTarget "LayerAnimationWithLogin" */ = {
			isa = XCConfigurationList;
			buildConfigurations = (
				D466761D1CB0E4510013EE6B /* Debug */,
				D466761E1CB0E4510013EE6B /* Release */,
			);
			defaultConfigurationIsVisible = 0;
		};
/* End XCConfigurationList section */
	};
	rootObject = D46676021CB0E4510013EE6B /* Project object */;
}
