// !$*UTF8*$!
{
	archiveVersion = 1;
	classes = {
	};
	objectVersion = 46;
	objects = {

/* Begin PBXBuildFile section */
		D42897261CB28D3000FC2250 /* AppDelegate.swift in Sources */ = {isa = PBXBuildFile; fileRef = D42897251CB28D3000FC2250 /* AppDelegate.swift */; };
		D428972B1CB28D3000FC2250 /* Main.storyboard in Resources */ = {isa = PBXBuildFile; fileRef = D42897291CB28D3000FC2250 /* Main.storyboard */; };
		D428972D1CB28D3000FC2250 /* Assets.xcassets in Resources */ = {isa = PBXBuildFile; fileRef = D428972C1CB28D3000FC2250 /* Assets.xcassets */; };
		D42897301CB28D3000FC2250 /* LaunchScreen.storyboard in Resources */ = {isa = PBXBuildFile; fileRef = D428972E1CB28D3000FC2250 /* LaunchScreen.storyboard */; };
		D42897391CB28D4900FC2250 /* RefreshView.swift in Sources */ = {isa = PBXBuildFile; fileRef = D42897381CB28D4900FC2250 /* RefreshView.swift */; };
		D428973B1CB28FFF00FC2250 /* ViewController.swift in Sources */ = {isa = PBXBuildFile; fileRef = D428973A1CB28FFF00FC2250 /* ViewController.swift */; };
/* End PBXBuildFile section */

/* Begin PBXFileReference section */
		D42897221CB28D3000FC2250 /* RefreshPlane.app */ = {isa = PBXFileReference; explicitFileType = wrapper.application; includeInIndex = 0; path = RefreshPlane.app; sourceTree = BUILT_PRODUCTS_DIR; };
		D42897251CB28D3000FC2250 /* AppDelegate.swift */ = {isa = PBXFileReference; lastKnownFileType = sourcecode.swift; path = AppDelegate.swift; sourceTree = "<group>"; };
		D428972A1CB28D3000FC2250 /* Base */ = {isa = PBXFileReference; lastKnownFileType = file.storyboard; name = Base; path = Base.lproj/Main.storyboard; sourceTree = "<group>"; };
		D428972C1CB28D3000FC2250 /* Assets.xcassets */ = {isa = PBXFileReference; lastKnownFileType = folder.assetcatalog; path = Assets.xcassets; sourceTree = "<group>"; };
		D428972F1CB28D3000FC2250 /* Base */ = {isa = PBXFileReference; lastKnownFileType = file.storyboard; name = Base; path = Base.lproj/LaunchScreen.storyboard; sourceTree = "<group>"; };
		D42897311CB28D3000FC2250 /* Info.plist */ = {isa = PBXFileReference; lastKnownFileType = text.plist.xml; path = Info.plist; sourceTree = "<group>"; };
		D42897381CB28D4900FC2250 /* RefreshView.swift */ = {isa = PBXFileReference; fileEncoding = 4; lastKnownFileType = sourcecode.swift; path = RefreshView.swift; sourceTree = "<group>"; };
		D428973A1CB28FFF00FC2250 /* ViewController.swift */ = {isa = PBXFileReference; fileEncoding = 4; lastKnownFileType = sourcecode.swift; path = ViewController.swift; sourceTree = "<group>"; };
/* End PBXFileReference section */

/* Begin PBXFrameworksBuildPhase section */
		D428971F1CB28D3000FC2250 /* Frameworks */ = {
			isa = PBXFrameworksBuildPhase;
			buildActionMask = 2147483647;
			files = (
			);
			runOnlyForDeploymentPostprocessing = 0;
		};
/* End PBXFrameworksBuildPhase section */

/* Begin PBXGroup section */
		D42897191CB28D2F00FC2250 = {
			isa = PBXGroup;
			children = (
				D42897371CB28D3800FC2250 /* View */,
				D42897241CB28D3000FC2250 /* RefreshPlane */,
				D42897231CB28D3000FC2250 /* Products */,
			);
			sourceTree = "<group>";
		};
		D42897231CB28D3000FC2250 /* Products */ = {
			isa = PBXGroup;
			children = (
				D42897221CB28D3000FC2250 /* RefreshPlane.app */,
			);
			name = Products;
			sourceTree = "<group>";
		};
		D42897241CB28D3000FC2250 /* RefreshPlane */ = {
			isa = PBXGroup;
			children = (
				D428973A1CB28FFF00FC2250 /* ViewController.swift */,
				D42897251CB28D3000FC2250 /* AppDelegate.swift */,
				D42897291CB28D3000FC2250 /* Main.storyboard */,
				D428972C1CB28D3000FC2250 /* Assets.xcassets */,
				D428972E1CB28D3000FC2250 /* LaunchScreen.storyboard */,
				D42897311CB28D3000FC2250 /* Info.plist */,
			);
			path = RefreshPlane;
			sourceTree = "<group>";
		};
		D42897371CB28D3800FC2250 /* View */ = {
			isa = PBXGroup;
			children = (
				D42897381CB28D4900FC2250 /* RefreshView.swift */,
			);
			name = View;
			sourceTree = "<group>";
		};
/* End PBXGroup section */

/* Begin PBXNativeTarget section */
		D42897211CB28D3000FC2250 /* RefreshPlane */ = {
			isa = PBXNativeTarget;
			buildConfigurationList = D42897341CB28D3000FC2250 /* Build configuration list for PBXNativeTarget "RefreshPlane" */;
			buildPhases = (
				D428971E1CB28D3000FC2250 /* Sources */,
				D428971F1CB28D3000FC2250 /* Frameworks */,
				D42897201CB28D3000FC2250 /* Resources */,
			);
			buildRules = (
			);
			dependencies = (
			);
			name = RefreshPlane;
			productName = RefreshPlane;
			productReference = D42897221CB28D3000FC2250 /* RefreshPlane.app */;
			productType = "com.apple.product-type.application";
		};
/* End PBXNativeTarget section */

/* Begin PBXProject section */
		D428971A1CB28D2F00FC2250 /* Project object */ = {
			isa = PBXProject;
			attributes = {
				LastSwiftUpdateCheck = 0710;
				LastUpgradeCheck = 0710;
				ORGANIZATIONNAME = RogerChen;
				TargetAttributes = {
					D42897211CB28D3000FC2250 = {
						CreatedOnToolsVersion = 7.1.1;
					};
				};
			};
			buildConfigurationList = D428971D1CB28D2F00FC2250 /* Build configuration list for PBXProject "RefreshPlane" */;
			compatibilityVersion = "Xcode 3.2";
			developmentRegion = English;
			hasScannedForEncodings = 0;
			knownRegions = (
				en,
				Base,
			);
			mainGroup = D42897191CB28D2F00FC2250;
			productRefGroup = D42897231CB28D3000FC2250 /* Products */;
			projectDirPath = "";
			projectRoot = "";
			targets = (
				D42897211CB28D3000FC2250 /* RefreshPlane */,
			);
		};
/* End PBXProject section */

/* Begin PBXResourcesBuildPhase section */
		D42897201CB28D3000FC2250 /* Resources */ = {
			isa = PBXResourcesBuildPhase;
			buildActionMask = 2147483647;
			files = (
				D42897301CB28D3000FC2250 /* LaunchScreen.storyboard in Resources */,
				D428972D1CB28D3000FC2250 /* Assets.xcassets in Resources */,
				D428972B1CB28D3000FC2250 /* Main.storyboard in Resources */,
			);
			runOnlyForDeploymentPostprocessing = 0;
		};
/* End PBXResourcesBuildPhase section */

/* Begin PBXSourcesBuildPhase section */
		D428971E1CB28D3000FC2250 /* Sources */ = {
			isa = PBXSourcesBuildPhase;
			buildActionMask = 2147483647;
			files = (
				D428973B1CB28FFF00FC2250 /* ViewController.swift in Sources */,
				D42897391CB28D4900FC2250 /* RefreshView.swift in Sources */,
				D42897261CB28D3000FC2250 /* AppDelegate.swift in Sources */,
			);
			runOnlyForDeploymentPostprocessing = 0;
		};
/* End PBXSourcesBuildPhase section */

/* Begin PBXVariantGroup section */
		D42897291CB28D3000FC2250 /* Main.storyboard */ = {
			isa = PBXVariantGroup;
			children = (
				D428972A1CB28D3000FC2250 /* Base */,
			);
			name = Main.storyboard;
			sourceTree = "<group>";
		};
		D428972E1CB28D3000FC2250 /* LaunchScreen.storyboard */ = {
			isa = PBXVariantGroup;
			children = (
				D428972F1CB28D3000FC2250 /* Base */,
			);
			name = LaunchScreen.storyboard;
			sourceTree = "<group>";
		};
/* End PBXVariantGroup section */

/* Begin XCBuildConfiguration section */
		D42897321CB28D3000FC2250 /* Debug */ = {
			isa = XCBuildConfiguration;
			buildSettings = {
				ALWAYS_SEARCH_USER_PATHS = NO;
				CLANG_CXX_LANGUAGE_STANDARD = "gnu++0x";
				CLANG_CXX_LIBRARY = "libc++";
				CLANG_ENABLE_MODULES = YES;
				CLANG_ENABLE_OBJC_ARC = YES;
				CLANG_WARN_BOOL_CONVERSION = YES;
				CLANG_WARN_CONSTANT_CONVERSION = YES;
				CLANG_WARN_DIRECT_OBJC_ISA_USAGE = YES_ERROR;
				CLANG_WARN_EMPTY_BODY = YES;
				CLANG_WARN_ENUM_CONVERSION = YES;
				CLANG_WARN_INT_CONVERSION = YES;
				CLANG_WARN_OBJC_ROOT_CLASS = YES_ERROR;
				CLANG_WARN_UNREACHABLE_CODE = YES;
				CLANG_WARN__DUPLICATE_METHOD_MATCH = YES;
				"CODE_SIGN_IDENTITY[sdk=iphoneos*]" = "iPhone Developer";
				COPY_PHASE_STRIP = NO;
				DEBUG_INFORMATION_FORMAT = dwarf;
				ENABLE_STRICT_OBJC_MSGSEND = YES;
				ENABLE_TESTABILITY = YES;
				GCC_C_LANGUAGE_STANDARD = gnu99;
				GCC_DYNAMIC_NO_PIC = NO;
				GCC_NO_COMMON_BLOCKS = YES;
				GCC_OPTIMIZATION_LEVEL = 0;
				GCC_PREPROCESSOR_DEFINITIONS = (
					"DEBUG=1",
					"$(inherited)",
				);
				GCC_WARN_64_TO_32_BIT_CONVERSION = YES;
				GCC_WARN_ABOUT_RETURN_TYPE = YES_ERROR;
				GCC_WARN_UNDECLARED_SELECTOR = YES;
				GCC_WARN_UNINITIALIZED_AUTOS = YES_AGGRESSIVE;
				GCC_WARN_UNUSED_FUNCTION = YES;
				GCC_WARN_UNUSED_VARIABLE = YES;
				IPHONEOS_DEPLOYMENT_TARGET = 9.1;
				MTL_ENABLE_DEBUG_INFO = YES;
				ONLY_ACTIVE_ARCH = YES;
				SDKROOT = iphoneos;
				SWIFT_OPTIMIZATION_LEVEL = "-Onone";
				TARGETED_DEVICE_FAMILY = "1,2";
			};
			name = Debug;
		};
		D42897331CB28D3000FC2250 /* Release */ = {
			isa = XCBuildConfiguration;
			buildSettings = {
				ALWAYS_SEARCH_USER_PATHS = NO;
				CLANG_CXX_LANGUAGE_STANDARD = "gnu++0x";
				CLANG_CXX_LIBRARY = "libc++";
				CLANG_ENABLE_MODULES = YES;
				CLANG_ENABLE_OBJC_ARC = YES;
				CLANG_WARN_BOOL_CONVERSION = YES;
				CLANG_WARN_CONSTANT_CONVERSION = YES;
				CLANG_WARN_DIRECT_OBJC_ISA_USAGE = YES_ERROR;
				CLANG_WARN_EMPTY_BODY = YES;
				CLANG_WARN_ENUM_CONVERSION = YES;
				CLANG_WARN_INT_CONVERSION = YES;
				CLANG_WARN_OBJC_ROOT_CLASS = YES_ERROR;
				CLANG_WARN_UNREACHABLE_CODE = YES;
				CLANG_WARN__DUPLICATE_METHOD_MATCH = YES;
				"CODE_SIGN_IDENTITY[sdk=iphoneos*]" = "iPhone Developer";
				COPY_PHASE_STRIP = NO;
				DEBUG_INFORMATION_FORMAT = "dwarf-with-dsym";
				ENABLE_NS_ASSERTIONS = NO;
				ENABLE_STRICT_OBJC_MSGSEND = YES;
				GCC_C_LANGUAGE_STANDARD = gnu99;
				GCC_NO_COMMON_BLOCKS = YES;
				GCC_WARN_64_TO_32_BIT_CONVERSION = YES;
				GCC_WARN_ABOUT_RETURN_TYPE = YES_ERROR;
				GCC_WARN_UNDECLARED_SELECTOR = YES;
				GCC_WARN_UNINITIALIZED_AUTOS = YES_AGGRESSIVE;
				GCC_WARN_UNUSED_FUNCTION = YES;
				GCC_WARN_UNUSED_VARIABLE = YES;
				IPHONEOS_DEPLOYMENT_TARGET = 9.1;
				MTL_ENABLE_DEBUG_INFO = NO;
				SDKROOT = iphoneos;
				TARGETED_DEVICE_FAMILY = "1,2";
				VALIDATE_PRODUCT = YES;
			};
			name = Release;
		};
		D42897351CB28D3000FC2250 /* Debug */ = {
			isa = XCBuildConfiguration;
			buildSettings = {
				ASSETCATALOG_COMPILER_APPICON_NAME = AppIcon;
				INFOPLIST_FILE = RefreshPlane/Info.plist;
				LD_RUNPATH_SEARCH_PATHS = "$(inherited) @executable_path/Frameworks";
				PRODUCT_BUNDLE_IDENTIFIER = com.RogerChen.RefreshPlane;
				PRODUCT_NAME = "$(TARGET_NAME)";
			};
			name = Debug;
		};
		D42897361CB28D3000FC2250 /* Release */ = {
			isa = XCBuildConfiguration;
			buildSettings = {
				ASSETCATALOG_COMPILER_APPICON_NAME = AppIcon;
				INFOPLIST_FILE = RefreshPlane/Info.plist;
				LD_RUNPATH_SEARCH_PATHS = "$(inherited) @executable_path/Frameworks";
				PRODUCT_BUNDLE_IDENTIFIER = com.RogerChen.RefreshPlane;
				PRODUCT_NAME = "$(TARGET_NAME)";
			};
			name = Release;
		};
/* End XCBuildConfiguration section */

/* Begin XCConfigurationList section */
		D428971D1CB28D2F00FC2250 /* Build configuration list for PBXProject "RefreshPlane" */ = {
			isa = XCConfigurationList;
			buildConfigurations = (
				D42897321CB28D3000FC2250 /* Debug */,
				D42897331CB28D3000FC2250 /* Release */,
			);
			defaultConfigurationIsVisible = 0;
			defaultConfigurationName = Release;
		};
		D42897341CB28D3000FC2250 /* Build configuration list for PBXNativeTarget "RefreshPlane" */ = {
			isa = XCConfigurationList;
			buildConfigurations = (
				D42897351CB28D3000FC2250 /* Debug */,
				D42897361CB28D3000FC2250 /* Release */,
			);
			defaultConfigurationIsVisible = 0;
		};
/* End XCConfigurationList section */
	};
	rootObject = D428971A1CB28D2F00FC2250 /* Project object */;
}
