// !$*UTF8*$!
{
	archiveVersion = 1;
	classes = {
	};
	objectVersion = 46;
	objects = {

/* Begin PBXBuildFile section */
		D466762C1CB1063D0013EE6B /* AppDelegate.swift in Sources */ = {isa = PBXBuildFile; fileRef = D466762B1CB1063D0013EE6B /* AppDelegate.swift */; };
		D466762E1CB1063D0013EE6B /* ViewController.swift in Sources */ = {isa = PBXBuildFile; fileRef = D466762D1CB1063D0013EE6B /* ViewController.swift */; };
		D46676311CB1063D0013EE6B /* Main.storyboard in Resources */ = {isa = PBXBuildFile; fileRef = D466762F1CB1063D0013EE6B /* Main.storyboard */; };
		D46676331CB1063D0013EE6B /* Assets.xcassets in Resources */ = {isa = PBXBuildFile; fileRef = D46676321CB1063D0013EE6B /* Assets.xcassets */; };
		D46676361CB1063D0013EE6B /* LaunchScreen.storyboard in Resources */ = {isa = PBXBuildFile; fileRef = D46676341CB1063D0013EE6B /* LaunchScreen.storyboard */; };
		D46676401CB106830013EE6B /* Arial Rounded Bold.ttf in Resources */ = {isa = PBXBuildFile; fileRef = D466763F1CB106830013EE6B /* Arial Rounded Bold.ttf */; };
		D46676421CB109EC0013EE6B /* AvatarView.swift in Sources */ = {isa = PBXBuildFile; fileRef = D46676411CB109EC0013EE6B /* AvatarView.swift */; };
/* End PBXBuildFile section */

/* Begin PBXFileReference section */
		D46676281CB1063D0013EE6B /* SearchOpponent.app */ = {isa = PBXFileReference; explicitFileType = wrapper.application; includeInIndex = 0; path = SearchOpponent.app; sourceTree = BUILT_PRODUCTS_DIR; };
		D466762B1CB1063D0013EE6B /* AppDelegate.swift */ = {isa = PBXFileReference; lastKnownFileType = sourcecode.swift; path = AppDelegate.swift; sourceTree = "<group>"; };
		D466762D1CB1063D0013EE6B /* ViewController.swift */ = {isa = PBXFileReference; lastKnownFileType = sourcecode.swift; path = ViewController.swift; sourceTree = "<group>"; };
		D46676301CB1063D0013EE6B /* Base */ = {isa = PBXFileReference; lastKnownFileType = file.storyboard; name = Base; path = Base.lproj/Main.storyboard; sourceTree = "<group>"; };
		D46676321CB1063D0013EE6B /* Assets.xcassets */ = {isa = PBXFileReference; lastKnownFileType = folder.assetcatalog; path = Assets.xcassets; sourceTree = "<group>"; };
		D46676351CB1063D0013EE6B /* Base */ = {isa = PBXFileReference; lastKnownFileType = file.storyboard; name = Base; path = Base.lproj/LaunchScreen.storyboard; sourceTree = "<group>"; };
		D46676371CB1063D0013EE6B /* Info.plist */ = {isa = PBXFileReference; lastKnownFileType = text.plist.xml; path = Info.plist; sourceTree = "<group>"; };
		D466763F1CB106830013EE6B /* Arial Rounded Bold.ttf */ = {isa = PBXFileReference; lastKnownFileType = file; path = "Arial Rounded Bold.ttf"; sourceTree = "<group>"; };
		D46676411CB109EC0013EE6B /* AvatarView.swift */ = {isa = PBXFileReference; fileEncoding = 4; lastKnownFileType = sourcecode.swift; path = AvatarView.swift; sourceTree = "<group>"; };
/* End PBXFileReference section */

/* Begin PBXFrameworksBuildPhase section */
		D46676251CB1063D0013EE6B /* Frameworks */ = {
			isa = PBXFrameworksBuildPhase;
			buildActionMask = 2147483647;
			files = (
			);
			runOnlyForDeploymentPostprocessing = 0;
		};
/* End PBXFrameworksBuildPhase section */

/* Begin PBXGroup section */
		D466761F1CB1063D0013EE6B = {
			isa = PBXGroup;
			children = (
				D466763E1CB1065C0013EE6B /* Views */,
				D466763D1CB106440013EE6B /* Assets */,
				D466762A1CB1063D0013EE6B /* SearchFighter */,
				D46676291CB1063D0013EE6B /* Products */,
			);
			sourceTree = "<group>";
		};
		D46676291CB1063D0013EE6B /* Products */ = {
			isa = PBXGroup;
			children = (
				D46676281CB1063D0013EE6B /* SearchOpponent.app */,
			);
			name = Products;
			sourceTree = "<group>";
		};
		D466762A1CB1063D0013EE6B /* SearchFighter */ = {
			isa = PBXGroup;
			children = (
				D466762B1CB1063D0013EE6B /* AppDelegate.swift */,
				D466762D1CB1063D0013EE6B /* ViewController.swift */,
				D466762F1CB1063D0013EE6B /* Main.storyboard */,
				D46676321CB1063D0013EE6B /* Assets.xcassets */,
				D46676341CB1063D0013EE6B /* LaunchScreen.storyboard */,
				D46676371CB1063D0013EE6B /* Info.plist */,
			);
			path = SearchFighter;
			sourceTree = "<group>";
		};
		D466763D1CB106440013EE6B /* Assets */ = {
			isa = PBXGroup;
			children = (
				D466763F1CB106830013EE6B /* Arial Rounded Bold.ttf */,
			);
			name = Assets;
			sourceTree = "<group>";
		};
		D466763E1CB1065C0013EE6B /* Views */ = {
			isa = PBXGroup;
			children = (
				D46676411CB109EC0013EE6B /* AvatarView.swift */,
			);
			name = Views;
			sourceTree = "<group>";
		};
/* End PBXGroup section */

/* Begin PBXNativeTarget section */
		D46676271CB1063D0013EE6B /* SearchOpponent */ = {
			isa = PBXNativeTarget;
			buildConfigurationList = D466763A1CB1063D0013EE6B /* Build configuration list for PBXNativeTarget "SearchOpponent" */;
			buildPhases = (
				D46676241CB1063D0013EE6B /* Sources */,
				D46676251CB1063D0013EE6B /* Frameworks */,
				D46676261CB1063D0013EE6B /* Resources */,
			);
			buildRules = (
			);
			dependencies = (
			);
			name = SearchOpponent;
			productName = SearchFighter;
			productReference = D46676281CB1063D0013EE6B /* SearchOpponent.app */;
			productType = "com.apple.product-type.application";
		};
/* End PBXNativeTarget section */

/* Begin PBXProject section */
		D46676201CB1063D0013EE6B /* Project object */ = {
			isa = PBXProject;
			attributes = {
				LastSwiftUpdateCheck = 0710;
				LastUpgradeCheck = 0710;
				ORGANIZATIONNAME = RogerChen;
				TargetAttributes = {
					D46676271CB1063D0013EE6B = {
						CreatedOnToolsVersion = 7.1.1;
					};
				};
			};
			buildConfigurationList = D46676231CB1063D0013EE6B /* Build configuration list for PBXProject "SearchOpponent" */;
			compatibilityVersion = "Xcode 3.2";
			developmentRegion = English;
			hasScannedForEncodings = 0;
			knownRegions = (
				en,
				Base,
			);
			mainGroup = D466761F1CB1063D0013EE6B;
			productRefGroup = D46676291CB1063D0013EE6B /* Products */;
			projectDirPath = "";
			projectRoot = "";
			targets = (
				D46676271CB1063D0013EE6B /* SearchOpponent */,
			);
		};
/* End PBXProject section */

/* Begin PBXResourcesBuildPhase section */
		D46676261CB1063D0013EE6B /* Resources */ = {
			isa = PBXResourcesBuildPhase;
			buildActionMask = 2147483647;
			files = (
				D46676361CB1063D0013EE6B /* LaunchScreen.storyboard in Resources */,
				D46676401CB106830013EE6B /* Arial Rounded Bold.ttf in Resources */,
				D46676331CB1063D0013EE6B /* Assets.xcassets in Resources */,
				D46676311CB1063D0013EE6B /* Main.storyboard in Resources */,
			);
			runOnlyForDeploymentPostprocessing = 0;
		};
/* End PBXResourcesBuildPhase section */

/* Begin PBXSourcesBuildPhase section */
		D46676241CB1063D0013EE6B /* Sources */ = {
			isa = PBXSourcesBuildPhase;
			buildActionMask = 2147483647;
			files = (
				D466762E1CB1063D0013EE6B /* ViewController.swift in Sources */,
				D46676421CB109EC0013EE6B /* AvatarView.swift in Sources */,
				D466762C1CB1063D0013EE6B /* AppDelegate.swift in Sources */,
			);
			runOnlyForDeploymentPostprocessing = 0;
		};
/* End PBXSourcesBuildPhase section */

/* Begin PBXVariantGroup section */
		D466762F1CB1063D0013EE6B /* Main.storyboard */ = {
			isa = PBXVariantGroup;
			children = (
				D46676301CB1063D0013EE6B /* Base */,
			);
			name = Main.storyboard;
			sourceTree = "<group>";
		};
		D46676341CB1063D0013EE6B /* LaunchScreen.storyboard */ = {
			isa = PBXVariantGroup;
			children = (
				D46676351CB1063D0013EE6B /* Base */,
			);
			name = LaunchScreen.storyboard;
			sourceTree = "<group>";
		};
/* End PBXVariantGroup section */

/* Begin XCBuildConfiguration section */
		D46676381CB1063D0013EE6B /* Debug */ = {
			isa = XCBuildConfiguration;
			buildSettings = {
				ALWAYS_SEARCH_USER_PATHS = NO;
				CLANG_CXX_LANGUAGE_STANDARD = "gnu++0x";
				CLANG_CXX_LIBRARY = "libc++";
				CLANG_ENABLE_MODULES = YES;
				CLANG_ENABLE_OBJC_ARC = YES;
				CLANG_WARN_BOOL_CONVERSION = YES;
				CLANG_WARN_CONSTANT_CONVERSION = YES;
				CLANG_WARN_DIRECT_OBJC_ISA_USAGE = YES_ERROR;
				CLANG_WARN_EMPTY_BODY = YES;
				CLANG_WARN_ENUM_CONVERSION = YES;
				CLANG_WARN_INT_CONVERSION = YES;
				CLANG_WARN_OBJC_ROOT_CLASS = YES_ERROR;
				CLANG_WARN_UNREACHABLE_CODE = YES;
				CLANG_WARN__DUPLICATE_METHOD_MATCH = YES;
				"CODE_SIGN_IDENTITY[sdk=iphoneos*]" = "iPhone Developer";
				COPY_PHASE_STRIP = NO;
				DEBUG_INFORMATION_FORMAT = dwarf;
				ENABLE_STRICT_OBJC_MSGSEND = YES;
				ENABLE_TESTABILITY = YES;
				GCC_C_LANGUAGE_STANDARD = gnu99;
				GCC_DYNAMIC_NO_PIC = NO;
				GCC_NO_COMMON_BLOCKS = YES;
				GCC_OPTIMIZATION_LEVEL = 0;
				GCC_PREPROCESSOR_DEFINITIONS = (
					"DEBUG=1",
					"$(inherited)",
				);
				GCC_WARN_64_TO_32_BIT_CONVERSION = YES;
				GCC_WARN_ABOUT_RETURN_TYPE = YES_ERROR;
				GCC_WARN_UNDECLARED_SELECTOR = YES;
				GCC_WARN_UNINITIALIZED_AUTOS = YES_AGGRESSIVE;
				GCC_WARN_UNUSED_FUNCTION = YES;
				GCC_WARN_UNUSED_VARIABLE = YES;
				IPHONEOS_DEPLOYMENT_TARGET = 9.1;
				MTL_ENABLE_DEBUG_INFO = YES;
				ONLY_ACTIVE_ARCH = YES;
				SDKROOT = iphoneos;
				SWIFT_OPTIMIZATION_LEVEL = "-Onone";
				TARGETED_DEVICE_FAMILY = "1,2";
			};
			name = Debug;
		};
		D46676391CB1063D0013EE6B /* Release */ = {
			isa = XCBuildConfiguration;
			buildSettings = {
				ALWAYS_SEARCH_USER_PATHS = NO;
				CLANG_CXX_LANGUAGE_STANDARD = "gnu++0x";
				CLANG_CXX_LIBRARY = "libc++";
				CLANG_ENABLE_MODULES = YES;
				CLANG_ENABLE_OBJC_ARC = YES;
				CLANG_WARN_BOOL_CONVERSION = YES;
				CLANG_WARN_CONSTANT_CONVERSION = YES;
				CLANG_WARN_DIRECT_OBJC_ISA_USAGE = YES_ERROR;
				CLANG_WARN_EMPTY_BODY = YES;
				CLANG_WARN_ENUM_CONVERSION = YES;
				CLANG_WARN_INT_CONVERSION = YES;
				CLANG_WARN_OBJC_ROOT_CLASS = YES_ERROR;
				CLANG_WARN_UNREACHABLE_CODE = YES;
				CLANG_WARN__DUPLICATE_METHOD_MATCH = YES;
				"CODE_SIGN_IDENTITY[sdk=iphoneos*]" = "iPhone Developer";
				COPY_PHASE_STRIP = NO;
				DEBUG_INFORMATION_FORMAT = "dwarf-with-dsym";
				ENABLE_NS_ASSERTIONS = NO;
				ENABLE_STRICT_OBJC_MSGSEND = YES;
				GCC_C_LANGUAGE_STANDARD = gnu99;
				GCC_NO_COMMON_BLOCKS = YES;
				GCC_WARN_64_TO_32_BIT_CONVERSION = YES;
				GCC_WARN_ABOUT_RETURN_TYPE = YES_ERROR;
				GCC_WARN_UNDECLARED_SELECTOR = YES;
				GCC_WARN_UNINITIALIZED_AUTOS = YES_AGGRESSIVE;
				GCC_WARN_UNUSED_FUNCTION = YES;
				GCC_WARN_UNUSED_VARIABLE = YES;
				IPHONEOS_DEPLOYMENT_TARGET = 9.1;
				MTL_ENABLE_DEBUG_INFO = NO;
				SDKROOT = iphoneos;
				TARGETED_DEVICE_FAMILY = "1,2";
				VALIDATE_PRODUCT = YES;
			};
			name = Release;
		};
		D466763B1CB1063D0013EE6B /* Debug */ = {
			isa = XCBuildConfiguration;
			buildSettings = {
				ASSETCATALOG_COMPILER_APPICON_NAME = AppIcon;
				INFOPLIST_FILE = SearchFighter/Info.plist;
				LD_RUNPATH_SEARCH_PATHS = "$(inherited) @executable_path/Frameworks";
				PRODUCT_BUNDLE_IDENTIFIER = com.RogerChen.SearchOpponent;
				PRODUCT_NAME = SearchOpponent;
			};
			name = Debug;
		};
		D466763C1CB1063D0013EE6B /* Release */ = {
			isa = XCBuildConfiguration;
			buildSettings = {
				ASSETCATALOG_COMPILER_APPICON_NAME = AppIcon;
				INFOPLIST_FILE = SearchFighter/Info.plist;
				LD_RUNPATH_SEARCH_PATHS = "$(inherited) @executable_path/Frameworks";
				PRODUCT_BUNDLE_IDENTIFIER = com.RogerChen.SearchOpponent;
				PRODUCT_NAME = SearchOpponent;
			};
			name = Release;
		};
/* End XCBuildConfiguration section */

/* Begin XCConfigurationList section */
		D46676231CB1063D0013EE6B /* Build configuration list for PBXProject "SearchOpponent" */ = {
			isa = XCConfigurationList;
			buildConfigurations = (
				D46676381CB1063D0013EE6B /* Debug */,
				D46676391CB1063D0013EE6B /* Release */,
			);
			defaultConfigurationIsVisible = 0;
			defaultConfigurationName = Release;
		};
		D466763A1CB1063D0013EE6B /* Build configuration list for PBXNativeTarget "SearchOpponent" */ = {
			isa = XCConfigurationList;
			buildConfigurations = (
				D466763B1CB1063D0013EE6B /* Debug */,
				D466763C1CB1063D0013EE6B /* Release */,
			);
			defaultConfigurationIsVisible = 0;
			defaultConfigurationName = Release;
		};
/* End XCConfigurationList section */
	};
	rootObject = D46676201CB1063D0013EE6B /* Project object */;
}
