// !$*UTF8*$!
{
	archiveVersion = 1;
	classes = {
	};
	objectVersion = 46;
	objects = {

/* Begin PBXBuildFile section */
		D42897051CB27D3100FC2250 /* AppDelegate.swift in Sources */ = {isa = PBXBuildFile; fileRef = D42897041CB27D3100FC2250 /* AppDelegate.swift */; };
		D42897071CB27D3100FC2250 /* ViewController.swift in Sources */ = {isa = PBXBuildFile; fileRef = D42897061CB27D3100FC2250 /* ViewController.swift */; };
		D428970A1CB27D3100FC2250 /* Main.storyboard in Resources */ = {isa = PBXBuildFile; fileRef = D42897081CB27D3100FC2250 /* Main.storyboard */; };
		D428970C1CB27D3100FC2250 /* Assets.xcassets in Resources */ = {isa = PBXBuildFile; fileRef = D428970B1CB27D3100FC2250 /* Assets.xcassets */; };
		D428970F1CB27D3100FC2250 /* LaunchScreen.storyboard in Resources */ = {isa = PBXBuildFile; fileRef = D428970D1CB27D3100FC2250 /* LaunchScreen.storyboard */; };
		D42897181CB27DC100FC2250 /* AnimatedMaskLabel.swift in Sources */ = {isa = PBXBuildFile; fileRef = D42897171CB27DC100FC2250 /* AnimatedMaskLabel.swift */; };
/* End PBXBuildFile section */

/* Begin PBXFileReference section */
		D42897011CB27D3100FC2250 /* SlideToReveal.app */ = {isa = PBXFileReference; explicitFileType = wrapper.application; includeInIndex = 0; path = SlideToReveal.app; sourceTree = BUILT_PRODUCTS_DIR; };
		D42897041CB27D3100FC2250 /* AppDelegate.swift */ = {isa = PBXFileReference; lastKnownFileType = sourcecode.swift; path = AppDelegate.swift; sourceTree = "<group>"; };
		D42897061CB27D3100FC2250 /* ViewController.swift */ = {isa = PBXFileReference; lastKnownFileType = sourcecode.swift; path = ViewController.swift; sourceTree = "<group>"; };
		D42897091CB27D3100FC2250 /* Base */ = {isa = PBXFileReference; lastKnownFileType = file.storyboard; name = Base; path = Base.lproj/Main.storyboard; sourceTree = "<group>"; };
		D428970B1CB27D3100FC2250 /* Assets.xcassets */ = {isa = PBXFileReference; lastKnownFileType = folder.assetcatalog; path = Assets.xcassets; sourceTree = "<group>"; };
		D428970E1CB27D3100FC2250 /* Base */ = {isa = PBXFileReference; lastKnownFileType = file.storyboard; name = Base; path = Base.lproj/LaunchScreen.storyboard; sourceTree = "<group>"; };
		D42897101CB27D3100FC2250 /* Info.plist */ = {isa = PBXFileReference; lastKnownFileType = text.plist.xml; path = Info.plist; sourceTree = "<group>"; };
		D42897171CB27DC100FC2250 /* AnimatedMaskLabel.swift */ = {isa = PBXFileReference; fileEncoding = 4; lastKnownFileType = sourcecode.swift; path = AnimatedMaskLabel.swift; sourceTree = "<group>"; };
/* End PBXFileReference section */

/* Begin PBXFrameworksBuildPhase section */
		D42896FE1CB27D3100FC2250 /* Frameworks */ = {
			isa = PBXFrameworksBuildPhase;
			buildActionMask = 2147483647;
			files = (
			);
			runOnlyForDeploymentPostprocessing = 0;
		};
/* End PBXFrameworksBuildPhase section */

/* Begin PBXGroup section */
		D42896F81CB27D3100FC2250 = {
			isa = PBXGroup;
			children = (
				D42897161CB27D8400FC2250 /* View */,
				D42897031CB27D3100FC2250 /* SlideToReveal */,
				D42897021CB27D3100FC2250 /* Products */,
			);
			sourceTree = "<group>";
		};
		D42897021CB27D3100FC2250 /* Products */ = {
			isa = PBXGroup;
			children = (
				D42897011CB27D3100FC2250 /* SlideToReveal.app */,
			);
			name = Products;
			sourceTree = "<group>";
		};
		D42897031CB27D3100FC2250 /* SlideToReveal */ = {
			isa = PBXGroup;
			children = (
				D42897041CB27D3100FC2250 /* AppDelegate.swift */,
				D42897061CB27D3100FC2250 /* ViewController.swift */,
				D42897081CB27D3100FC2250 /* Main.storyboard */,
				D428970B1CB27D3100FC2250 /* Assets.xcassets */,
				D428970D1CB27D3100FC2250 /* LaunchScreen.storyboard */,
				D42897101CB27D3100FC2250 /* Info.plist */,
			);
			path = SlideToReveal;
			sourceTree = "<group>";
		};
		D42897161CB27D8400FC2250 /* View */ = {
			isa = PBXGroup;
			children = (
				D42897171CB27DC100FC2250 /* AnimatedMaskLabel.swift */,
			);
			name = View;
			sourceTree = "<group>";
		};
/* End PBXGroup section */

/* Begin PBXNativeTarget section */
		D42897001CB27D3100FC2250 /* SlideToReveal */ = {
			isa = PBXNativeTarget;
			buildConfigurationList = D42897131CB27D3100FC2250 /* Build configuration list for PBXNativeTarget "SlideToReveal" */;
			buildPhases = (
				D42896FD1CB27D3100FC2250 /* Sources */,
				D42896FE1CB27D3100FC2250 /* Frameworks */,
				D42896FF1CB27D3100FC2250 /* Resources */,
			);
			buildRules = (
			);
			dependencies = (
			);
			name = SlideToReveal;
			productName = SlideToReveal;
			productReference = D42897011CB27D3100FC2250 /* SlideToReveal.app */;
			productType = "com.apple.product-type.application";
		};
/* End PBXNativeTarget section */

/* Begin PBXProject section */
		D42896F91CB27D3100FC2250 /* Project object */ = {
			isa = PBXProject;
			attributes = {
				LastSwiftUpdateCheck = 0710;
				LastUpgradeCheck = 0710;
				ORGANIZATIONNAME = RogerChen;
				TargetAttributes = {
					D42897001CB27D3100FC2250 = {
						CreatedOnToolsVersion = 7.1.1;
					};
				};
			};
			buildConfigurationList = D42896FC1CB27D3100FC2250 /* Build configuration list for PBXProject "SlideToReveal" */;
			compatibilityVersion = "Xcode 3.2";
			developmentRegion = English;
			hasScannedForEncodings = 0;
			knownRegions = (
				en,
				Base,
			);
			mainGroup = D42896F81CB27D3100FC2250;
			productRefGroup = D42897021CB27D3100FC2250 /* Products */;
			projectDirPath = "";
			projectRoot = "";
			targets = (
				D42897001CB27D3100FC2250 /* SlideToReveal */,
			);
		};
/* End PBXProject section */

/* Begin PBXResourcesBuildPhase section */
		D42896FF1CB27D3100FC2250 /* Resources */ = {
			isa = PBXResourcesBuildPhase;
			buildActionMask = 2147483647;
			files = (
				D428970F1CB27D3100FC2250 /* LaunchScreen.storyboard in Resources */,
				D428970C1CB27D3100FC2250 /* Assets.xcassets in Resources */,
				D428970A1CB27D3100FC2250 /* Main.storyboard in Resources */,
			);
			runOnlyForDeploymentPostprocessing = 0;
		};
/* End PBXResourcesBuildPhase section */

/* Begin PBXSourcesBuildPhase section */
		D42896FD1CB27D3100FC2250 /* Sources */ = {
			isa = PBXSourcesBuildPhase;
			buildActionMask = 2147483647;
			files = (
				D42897071CB27D3100FC2250 /* ViewController.swift in Sources */,
				D42897051CB27D3100FC2250 /* AppDelegate.swift in Sources */,
				D42897181CB27DC100FC2250 /* AnimatedMaskLabel.swift in Sources */,
			);
			runOnlyForDeploymentPostprocessing = 0;
		};
/* End PBXSourcesBuildPhase section */

/* Begin PBXVariantGroup section */
		D42897081CB27D3100FC2250 /* Main.storyboard */ = {
			isa = PBXVariantGroup;
			children = (
				D42897091CB27D3100FC2250 /* Base */,
			);
			name = Main.storyboard;
			sourceTree = "<group>";
		};
		D428970D1CB27D3100FC2250 /* LaunchScreen.storyboard */ = {
			isa = PBXVariantGroup;
			children = (
				D428970E1CB27D3100FC2250 /* Base */,
			);
			name = LaunchScreen.storyboard;
			sourceTree = "<group>";
		};
/* End PBXVariantGroup section */

/* Begin XCBuildConfiguration section */
		D42897111CB27D3100FC2250 /* Debug */ = {
			isa = XCBuildConfiguration;
			buildSettings = {
				ALWAYS_SEARCH_USER_PATHS = NO;
				CLANG_CXX_LANGUAGE_STANDARD = "gnu++0x";
				CLANG_CXX_LIBRARY = "libc++";
				CLANG_ENABLE_MODULES = YES;
				CLANG_ENABLE_OBJC_ARC = YES;
				CLANG_WARN_BOOL_CONVERSION = YES;
				CLANG_WARN_CONSTANT_CONVERSION = YES;
				CLANG_WARN_DIRECT_OBJC_ISA_USAGE = YES_ERROR;
				CLANG_WARN_EMPTY_BODY = YES;
				CLANG_WARN_ENUM_CONVERSION = YES;
				CLANG_WARN_INT_CONVERSION = YES;
				CLANG_WARN_OBJC_ROOT_CLASS = YES_ERROR;
				CLANG_WARN_UNREACHABLE_CODE = YES;
				CLANG_WARN__DUPLICATE_METHOD_MATCH = YES;
				"CODE_SIGN_IDENTITY[sdk=iphoneos*]" = "iPhone Developer";
				COPY_PHASE_STRIP = NO;
				DEBUG_INFORMATION_FORMAT = dwarf;
				ENABLE_STRICT_OBJC_MSGSEND = YES;
				ENABLE_TESTABILITY = YES;
				GCC_C_LANGUAGE_STANDARD = gnu99;
				GCC_DYNAMIC_NO_PIC = NO;
				GCC_NO_COMMON_BLOCKS = YES;
				GCC_OPTIMIZATION_LEVEL = 0;
				GCC_PREPROCESSOR_DEFINITIONS = (
					"DEBUG=1",
					"$(inherited)",
				);
				GCC_WARN_64_TO_32_BIT_CONVERSION = YES;
				GCC_WARN_ABOUT_RETURN_TYPE = YES_ERROR;
				GCC_WARN_UNDECLARED_SELECTOR = YES;
				GCC_WARN_UNINITIALIZED_AUTOS = YES_AGGRESSIVE;
				GCC_WARN_UNUSED_FUNCTION = YES;
				GCC_WARN_UNUSED_VARIABLE = YES;
				IPHONEOS_DEPLOYMENT_TARGET = 9.1;
				MTL_ENABLE_DEBUG_INFO = YES;
				ONLY_ACTIVE_ARCH = YES;
				SDKROOT = iphoneos;
				SWIFT_OPTIMIZATION_LEVEL = "-Onone";
				TARGETED_DEVICE_FAMILY = "1,2";
			};
			name = Debug;
		};
		D42897121CB27D3100FC2250 /* Release */ = {
			isa = XCBuildConfiguration;
			buildSettings = {
				ALWAYS_SEARCH_USER_PATHS = NO;
				CLANG_CXX_LANGUAGE_STANDARD = "gnu++0x";
				CLANG_CXX_LIBRARY = "libc++";
				CLANG_ENABLE_MODULES = YES;
				CLANG_ENABLE_OBJC_ARC = YES;
				CLANG_WARN_BOOL_CONVERSION = YES;
				CLANG_WARN_CONSTANT_CONVERSION = YES;
				CLANG_WARN_DIRECT_OBJC_ISA_USAGE = YES_ERROR;
				CLANG_WARN_EMPTY_BODY = YES;
				CLANG_WARN_ENUM_CONVERSION = YES;
				CLANG_WARN_INT_CONVERSION = YES;
				CLANG_WARN_OBJC_ROOT_CLASS = YES_ERROR;
				CLANG_WARN_UNREACHABLE_CODE = YES;
				CLANG_WARN__DUPLICATE_METHOD_MATCH = YES;
				"CODE_SIGN_IDENTITY[sdk=iphoneos*]" = "iPhone Developer";
				COPY_PHASE_STRIP = NO;
				DEBUG_INFORMATION_FORMAT = "dwarf-with-dsym";
				ENABLE_NS_ASSERTIONS = NO;
				ENABLE_STRICT_OBJC_MSGSEND = YES;
				GCC_C_LANGUAGE_STANDARD = gnu99;
				GCC_NO_COMMON_BLOCKS = YES;
				GCC_WARN_64_TO_32_BIT_CONVERSION = YES;
				GCC_WARN_ABOUT_RETURN_TYPE = YES_ERROR;
				GCC_WARN_UNDECLARED_SELECTOR = YES;
				GCC_WARN_UNINITIALIZED_AUTOS = YES_AGGRESSIVE;
				GCC_WARN_UNUSED_FUNCTION = YES;
				GCC_WARN_UNUSED_VARIABLE = YES;
				IPHONEOS_DEPLOYMENT_TARGET = 9.1;
				MTL_ENABLE_DEBUG_INFO = NO;
				SDKROOT = iphoneos;
				TARGETED_DEVICE_FAMILY = "1,2";
				VALIDATE_PRODUCT = YES;
			};
			name = Release;
		};
		D42897141CB27D3100FC2250 /* Debug */ = {
			isa = XCBuildConfiguration;
			buildSettings = {
				ASSETCATALOG_COMPILER_APPICON_NAME = AppIcon;
				INFOPLIST_FILE = SlideToReveal/Info.plist;
				LD_RUNPATH_SEARCH_PATHS = "$(inherited) @executable_path/Frameworks";
				PRODUCT_BUNDLE_IDENTIFIER = com.RogerChen.SlideToReveal;
				PRODUCT_NAME = "$(TARGET_NAME)";
			};
			name = Debug;
		};
		D42897151CB27D3100FC2250 /* Release */ = {
			isa = XCBuildConfiguration;
			buildSettings = {
				ASSETCATALOG_COMPILER_APPICON_NAME = AppIcon;
				INFOPLIST_FILE = SlideToReveal/Info.plist;
				LD_RUNPATH_SEARCH_PATHS = "$(inherited) @executable_path/Frameworks";
				PRODUCT_BUNDLE_IDENTIFIER = com.RogerChen.SlideToReveal;
				PRODUCT_NAME = "$(TARGET_NAME)";
			};
			name = Release;
		};
/* End XCBuildConfiguration section */

/* Begin XCConfigurationList section */
		D42896FC1CB27D3100FC2250 /* Build configuration list for PBXProject "SlideToReveal" */ = {
			isa = XCConfigurationList;
			buildConfigurations = (
				D42897111CB27D3100FC2250 /* Debug */,
				D42897121CB27D3100FC2250 /* Release */,
			);
			defaultConfigurationIsVisible = 0;
			defaultConfigurationName = Release;
		};
		D42897131CB27D3100FC2250 /* Build configuration list for PBXNativeTarget "SlideToReveal" */ = {
			isa = XCConfigurationList;
			buildConfigurations = (
				D42897141CB27D3100FC2250 /* Debug */,
				D42897151CB27D3100FC2250 /* Release */,
			);
			defaultConfigurationIsVisible = 0;
		};
/* End XCConfigurationList section */
	};
	rootObject = D42896F91CB27D3100FC2250 /* Project object */;
}
