// !$*UTF8*$!
{
	archiveVersion = 1;
	classes = {
	};
	objectVersion = 46;
	objects = {

/* Begin PBXBuildFile section */
		D4434B201C9EBE8600EAED03 /* AppDelegate.swift in Sources */ = {isa = PBXBuildFile; fileRef = D4434B1F1C9EBE8600EAED03 /* AppDelegate.swift */; };
		D4434B251C9EBE8600EAED03 /* Main.storyboard in Resources */ = {isa = PBXBuildFile; fileRef = D4434B231C9EBE8600EAED03 /* Main.storyboard */; };
		D4434B271C9EBE8600EAED03 /* Assets.xcassets in Resources */ = {isa = PBXBuildFile; fileRef = D4434B261C9EBE8600EAED03 /* Assets.xcassets */; };
		D4434B2A1C9EBE8600EAED03 /* LaunchScreen.storyboard in Resources */ = {isa = PBXBuildFile; fileRef = D4434B281C9EBE8600EAED03 /* LaunchScreen.storyboard */; };
		D4434B351C9EBE8600EAED03 /* AnimationAdvancedTests.swift in Sources */ = {isa = PBXBuildFile; fileRef = D4434B341C9EBE8600EAED03 /* AnimationAdvancedTests.swift */; };
		D4434B401C9EBE8600EAED03 /* AnimationAdvancedUITests.swift in Sources */ = {isa = PBXBuildFile; fileRef = D4434B3F1C9EBE8600EAED03 /* AnimationAdvancedUITests.swift */; };
		D4434B4E1C9EC05300EAED03 /* AnimationAdvancedViewController.swift in Sources */ = {isa = PBXBuildFile; fileRef = D4434B4D1C9EC05300EAED03 /* AnimationAdvancedViewController.swift */; };
/* End PBXBuildFile section */

/* Begin PBXContainerItemProxy section */
		D4434B311C9EBE8600EAED03 /* PBXContainerItemProxy */ = {
			isa = PBXContainerItemProxy;
			containerPortal = D4434B141C9EBE8600EAED03 /* Project object */;
			proxyType = 1;
			remoteGlobalIDString = D4434B1B1C9EBE8600EAED03;
			remoteInfo = AnimationAdvanced;
		};
		D4434B3C1C9EBE8600EAED03 /* PBXContainerItemProxy */ = {
			isa = PBXContainerItemProxy;
			containerPortal = D4434B141C9EBE8600EAED03 /* Project object */;
			proxyType = 1;
			remoteGlobalIDString = D4434B1B1C9EBE8600EAED03;
			remoteInfo = AnimationAdvanced;
		};
/* End PBXContainerItemProxy section */

/* Begin PBXFileReference section */
		D4434B1C1C9EBE8600EAED03 /* AnimationAdvanced.app */ = {isa = PBXFileReference; explicitFileType = wrapper.application; includeInIndex = 0; path = AnimationAdvanced.app; sourceTree = BUILT_PRODUCTS_DIR; };
		D4434B1F1C9EBE8600EAED03 /* AppDelegate.swift */ = {isa = PBXFileReference; lastKnownFileType = sourcecode.swift; path = AppDelegate.swift; sourceTree = "<group>"; };
		D4434B241C9EBE8600EAED03 /* Base */ = {isa = PBXFileReference; lastKnownFileType = file.storyboard; name = Base; path = Base.lproj/Main.storyboard; sourceTree = "<group>"; };
		D4434B261C9EBE8600EAED03 /* Assets.xcassets */ = {isa = PBXFileReference; lastKnownFileType = folder.assetcatalog; path = Assets.xcassets; sourceTree = "<group>"; };
		D4434B291C9EBE8600EAED03 /* Base */ = {isa = PBXFileReference; lastKnownFileType = file.storyboard; name = Base; path = Base.lproj/LaunchScreen.storyboard; sourceTree = "<group>"; };
		D4434B2B1C9EBE8600EAED03 /* Info.plist */ = {isa = PBXFileReference; lastKnownFileType = text.plist.xml; path = Info.plist; sourceTree = "<group>"; };
		D4434B301C9EBE8600EAED03 /* AnimationAdvancedTests.xctest */ = {isa = PBXFileReference; explicitFileType = wrapper.cfbundle; includeInIndex = 0; path = AnimationAdvancedTests.xctest; sourceTree = BUILT_PRODUCTS_DIR; };
		D4434B341C9EBE8600EAED03 /* AnimationAdvancedTests.swift */ = {isa = PBXFileReference; lastKnownFileType = sourcecode.swift; path = AnimationAdvancedTests.swift; sourceTree = "<group>"; };
		D4434B361C9EBE8600EAED03 /* Info.plist */ = {isa = PBXFileReference; lastKnownFileType = text.plist.xml; path = Info.plist; sourceTree = "<group>"; };
		D4434B3B1C9EBE8600EAED03 /* AnimationAdvancedUITests.xctest */ = {isa = PBXFileReference; explicitFileType = wrapper.cfbundle; includeInIndex = 0; path = AnimationAdvancedUITests.xctest; sourceTree = BUILT_PRODUCTS_DIR; };
		D4434B3F1C9EBE8600EAED03 /* AnimationAdvancedUITests.swift */ = {isa = PBXFileReference; lastKnownFileType = sourcecode.swift; path = AnimationAdvancedUITests.swift; sourceTree = "<group>"; };
		D4434B411C9EBE8600EAED03 /* Info.plist */ = {isa = PBXFileReference; lastKnownFileType = text.plist.xml; path = Info.plist; sourceTree = "<group>"; };
		D4434B4D1C9EC05300EAED03 /* AnimationAdvancedViewController.swift */ = {isa = PBXFileReference; fileEncoding = 4; lastKnownFileType = sourcecode.swift; path = AnimationAdvancedViewController.swift; sourceTree = "<group>"; };
/* End PBXFileReference section */

/* Begin PBXFrameworksBuildPhase section */
		D4434B191C9EBE8600EAED03 /* Frameworks */ = {
			isa = PBXFrameworksBuildPhase;
			buildActionMask = 2147483647;
			files = (
			);
			runOnlyForDeploymentPostprocessing = 0;
		};
		D4434B2D1C9EBE8600EAED03 /* Frameworks */ = {
			isa = PBXFrameworksBuildPhase;
			buildActionMask = 2147483647;
			files = (
			);
			runOnlyForDeploymentPostprocessing = 0;
		};
		D4434B381C9EBE8600EAED03 /* Frameworks */ = {
			isa = PBXFrameworksBuildPhase;
			buildActionMask = 2147483647;
			files = (
			);
			runOnlyForDeploymentPostprocessing = 0;
		};
/* End PBXFrameworksBuildPhase section */

/* Begin PBXGroup section */
		D4434B131C9EBE8600EAED03 = {
			isa = PBXGroup;
			children = (
				D4434B1E1C9EBE8600EAED03 /* AnimationAdvanced */,
				D4434B331C9EBE8600EAED03 /* AnimationAdvancedTests */,
				D4434B3E1C9EBE8600EAED03 /* AnimationAdvancedUITests */,
				D4434B1D1C9EBE8600EAED03 /* Products */,
			);
			sourceTree = "<group>";
		};
		D4434B1D1C9EBE8600EAED03 /* Products */ = {
			isa = PBXGroup;
			children = (
				D4434B1C1C9EBE8600EAED03 /* AnimationAdvanced.app */,
				D4434B301C9EBE8600EAED03 /* AnimationAdvancedTests.xctest */,
				D4434B3B1C9EBE8600EAED03 /* AnimationAdvancedUITests.xctest */,
			);
			name = Products;
			sourceTree = "<group>";
		};
		D4434B1E1C9EBE8600EAED03 /* AnimationAdvanced */ = {
			isa = PBXGroup;
			children = (
				D4434B1F1C9EBE8600EAED03 /* AppDelegate.swift */,
				D4434B4D1C9EC05300EAED03 /* AnimationAdvancedViewController.swift */,
				D4434B231C9EBE8600EAED03 /* Main.storyboard */,
				D4434B261C9EBE8600EAED03 /* Assets.xcassets */,
				D4434B281C9EBE8600EAED03 /* LaunchScreen.storyboard */,
				D4434B2B1C9EBE8600EAED03 /* Info.plist */,
			);
			path = AnimationAdvanced;
			sourceTree = "<group>";
		};
		D4434B331C9EBE8600EAED03 /* AnimationAdvancedTests */ = {
			isa = PBXGroup;
			children = (
				D4434B341C9EBE8600EAED03 /* AnimationAdvancedTests.swift */,
				D4434B361C9EBE8600EAED03 /* Info.plist */,
			);
			path = AnimationAdvancedTests;
			sourceTree = "<group>";
		};
		D4434B3E1C9EBE8600EAED03 /* AnimationAdvancedUITests */ = {
			isa = PBXGroup;
			children = (
				D4434B3F1C9EBE8600EAED03 /* AnimationAdvancedUITests.swift */,
				D4434B411C9EBE8600EAED03 /* Info.plist */,
			);
			path = AnimationAdvancedUITests;
			sourceTree = "<group>";
		};
/* End PBXGroup section */

/* Begin PBXNativeTarget section */
		D4434B1B1C9EBE8600EAED03 /* AnimationAdvanced */ = {
			isa = PBXNativeTarget;
			buildConfigurationList = D4434B441C9EBE8600EAED03 /* Build configuration list for PBXNativeTarget "AnimationAdvanced" */;
			buildPhases = (
				D4434B181C9EBE8600EAED03 /* Sources */,
				D4434B191C9EBE8600EAED03 /* Frameworks */,
				D4434B1A1C9EBE8600EAED03 /* Resources */,
			);
			buildRules = (
			);
			dependencies = (
			);
			name = AnimationAdvanced;
			productName = AnimationAdvanced;
			productReference = D4434B1C1C9EBE8600EAED03 /* AnimationAdvanced.app */;
			productType = "com.apple.product-type.application";
		};
		D4434B2F1C9EBE8600EAED03 /* AnimationAdvancedTests */ = {
			isa = PBXNativeTarget;
			buildConfigurationList = D4434B471C9EBE8600EAED03 /* Build configuration list for PBXNativeTarget "AnimationAdvancedTests" */;
			buildPhases = (
				D4434B2C1C9EBE8600EAED03 /* Sources */,
				D4434B2D1C9EBE8600EAED03 /* Frameworks */,
				D4434B2E1C9EBE8600EAED03 /* Resources */,
			);
			buildRules = (
			);
			dependencies = (
				D4434B321C9EBE8600EAED03 /* PBXTargetDependency */,
			);
			name = AnimationAdvancedTests;
			productName = AnimationAdvancedTests;
			productReference = D4434B301C9EBE8600EAED03 /* AnimationAdvancedTests.xctest */;
			productType = "com.apple.product-type.bundle.unit-test";
		};
		D4434B3A1C9EBE8600EAED03 /* AnimationAdvancedUITests */ = {
			isa = PBXNativeTarget;
			buildConfigurationList = D4434B4A1C9EBE8600EAED03 /* Build configuration list for PBXNativeTarget "AnimationAdvancedUITests" */;
			buildPhases = (
				D4434B371C9EBE8600EAED03 /* Sources */,
				D4434B381C9EBE8600EAED03 /* Frameworks */,
				D4434B391C9EBE8600EAED03 /* Resources */,
			);
			buildRules = (
			);
			dependencies = (
				D4434B3D1C9EBE8600EAED03 /* PBXTargetDependency */,
			);
			name = AnimationAdvancedUITests;
			productName = AnimationAdvancedUITests;
			productReference = D4434B3B1C9EBE8600EAED03 /* AnimationAdvancedUITests.xctest */;
			productType = "com.apple.product-type.bundle.ui-testing";
		};
/* End PBXNativeTarget section */

/* Begin PBXProject section */
		D4434B141C9EBE8600EAED03 /* Project object */ = {
			isa = PBXProject;
			attributes = {
				LastSwiftUpdateCheck = 0710;
				LastUpgradeCheck = 0710;
				ORGANIZATIONNAME = RogerChen;
				TargetAttributes = {
					D4434B1B1C9EBE8600EAED03 = {
						CreatedOnToolsVersion = 7.1.1;
					};
					D4434B2F1C9EBE8600EAED03 = {
						CreatedOnToolsVersion = 7.1.1;
						TestTargetID = D4434B1B1C9EBE8600EAED03;
					};
					D4434B3A1C9EBE8600EAED03 = {
						CreatedOnToolsVersion = 7.1.1;
						TestTargetID = D4434B1B1C9EBE8600EAED03;
					};
				};
			};
			buildConfigurationList = D4434B171C9EBE8600EAED03 /* Build configuration list for PBXProject "AnimationAdvanced" */;
			compatibilityVersion = "Xcode 3.2";
			developmentRegion = English;
			hasScannedForEncodings = 0;
			knownRegions = (
				en,
				Base,
			);
			mainGroup = D4434B131C9EBE8600EAED03;
			productRefGroup = D4434B1D1C9EBE8600EAED03 /* Products */;
			projectDirPath = "";
			projectRoot = "";
			targets = (
				D4434B1B1C9EBE8600EAED03 /* AnimationAdvanced */,
				D4434B2F1C9EBE8600EAED03 /* AnimationAdvancedTests */,
				D4434B3A1C9EBE8600EAED03 /* AnimationAdvancedUITests */,
			);
		};
/* End PBXProject section */

/* Begin PBXResourcesBuildPhase section */
		D4434B1A1C9EBE8600EAED03 /* Resources */ = {
			isa = PBXResourcesBuildPhase;
			buildActionMask = 2147483647;
			files = (
				D4434B2A1C9EBE8600EAED03 /* LaunchScreen.storyboard in Resources */,
				D4434B271C9EBE8600EAED03 /* Assets.xcassets in Resources */,
				D4434B251C9EBE8600EAED03 /* Main.storyboard in Resources */,
			);
			runOnlyForDeploymentPostprocessing = 0;
		};
		D4434B2E1C9EBE8600EAED03 /* Resources */ = {
			isa = PBXResourcesBuildPhase;
			buildActionMask = 2147483647;
			files = (
			);
			runOnlyForDeploymentPostprocessing = 0;
		};
		D4434B391C9EBE8600EAED03 /* Resources */ = {
			isa = PBXResourcesBuildPhase;
			buildActionMask = 2147483647;
			files = (
			);
			runOnlyForDeploymentPostprocessing = 0;
		};
/* End PBXResourcesBuildPhase section */

/* Begin PBXSourcesBuildPhase section */
		D4434B181C9EBE8600EAED03 /* Sources */ = {
			isa = PBXSourcesBuildPhase;
			buildActionMask = 2147483647;
			files = (
				D4434B201C9EBE8600EAED03 /* AppDelegate.swift in Sources */,
				D4434B4E1C9EC05300EAED03 /* AnimationAdvancedViewController.swift in Sources */,
			);
			runOnlyForDeploymentPostprocessing = 0;
		};
		D4434B2C1C9EBE8600EAED03 /* Sources */ = {
			isa = PBXSourcesBuildPhase;
			buildActionMask = 2147483647;
			files = (
				D4434B351C9EBE8600EAED03 /* AnimationAdvancedTests.swift in Sources */,
			);
			runOnlyForDeploymentPostprocessing = 0;
		};
		D4434B371C9EBE8600EAED03 /* Sources */ = {
			isa = PBXSourcesBuildPhase;
			buildActionMask = 2147483647;
			files = (
				D4434B401C9EBE8600EAED03 /* AnimationAdvancedUITests.swift in Sources */,
			);
			runOnlyForDeploymentPostprocessing = 0;
		};
/* End PBXSourcesBuildPhase section */

/* Begin PBXTargetDependency section */
		D4434B321C9EBE8600EAED03 /* PBXTargetDependency */ = {
			isa = PBXTargetDependency;
			target = D4434B1B1C9EBE8600EAED03 /* AnimationAdvanced */;
			targetProxy = D4434B311C9EBE8600EAED03 /* PBXContainerItemProxy */;
		};
		D4434B3D1C9EBE8600EAED03 /* PBXTargetDependency */ = {
			isa = PBXTargetDependency;
			target = D4434B1B1C9EBE8600EAED03 /* AnimationAdvanced */;
			targetProxy = D4434B3C1C9EBE8600EAED03 /* PBXContainerItemProxy */;
		};
/* End PBXTargetDependency section */

/* Begin PBXVariantGroup section */
		D4434B231C9EBE8600EAED03 /* Main.storyboard */ = {
			isa = PBXVariantGroup;
			children = (
				D4434B241C9EBE8600EAED03 /* Base */,
			);
			name = Main.storyboard;
			sourceTree = "<group>";
		};
		D4434B281C9EBE8600EAED03 /* LaunchScreen.storyboard */ = {
			isa = PBXVariantGroup;
			children = (
				D4434B291C9EBE8600EAED03 /* Base */,
			);
			name = LaunchScreen.storyboard;
			sourceTree = "<group>";
		};
/* End PBXVariantGroup section */

/* Begin XCBuildConfiguration section */
		D4434B421C9EBE8600EAED03 /* Debug */ = {
			isa = XCBuildConfiguration;
			buildSettings = {
				ALWAYS_SEARCH_USER_PATHS = NO;
				CLANG_CXX_LANGUAGE_STANDARD = "gnu++0x";
				CLANG_CXX_LIBRARY = "libc++";
				CLANG_ENABLE_MODULES = YES;
				CLANG_ENABLE_OBJC_ARC = YES;
				CLANG_WARN_BOOL_CONVERSION = YES;
				CLANG_WARN_CONSTANT_CONVERSION = YES;
				CLANG_WARN_DIRECT_OBJC_ISA_USAGE = YES_ERROR;
				CLANG_WARN_EMPTY_BODY = YES;
				CLANG_WARN_ENUM_CONVERSION = YES;
				CLANG_WARN_INT_CONVERSION = YES;
				CLANG_WARN_OBJC_ROOT_CLASS = YES_ERROR;
				CLANG_WARN_UNREACHABLE_CODE = YES;
				CLANG_WARN__DUPLICATE_METHOD_MATCH = YES;
				"CODE_SIGN_IDENTITY[sdk=iphoneos*]" = "iPhone Developer";
				COPY_PHASE_STRIP = NO;
				DEBUG_INFORMATION_FORMAT = dwarf;
				ENABLE_STRICT_OBJC_MSGSEND = YES;
				ENABLE_TESTABILITY = YES;
				GCC_C_LANGUAGE_STANDARD = gnu99;
				GCC_DYNAMIC_NO_PIC = NO;
				GCC_NO_COMMON_BLOCKS = YES;
				GCC_OPTIMIZATION_LEVEL = 0;
				GCC_PREPROCESSOR_DEFINITIONS = (
					"DEBUG=1",
					"$(inherited)",
				);
				GCC_WARN_64_TO_32_BIT_CONVERSION = YES;
				GCC_WARN_ABOUT_RETURN_TYPE = YES_ERROR;
				GCC_WARN_UNDECLARED_SELECTOR = YES;
				GCC_WARN_UNINITIALIZED_AUTOS = YES_AGGRESSIVE;
				GCC_WARN_UNUSED_FUNCTION = YES;
				GCC_WARN_UNUSED_VARIABLE = YES;
				IPHONEOS_DEPLOYMENT_TARGET = 8.0;
				MTL_ENABLE_DEBUG_INFO = YES;
				ONLY_ACTIVE_ARCH = YES;
				SDKROOT = iphoneos;
				SWIFT_OPTIMIZATION_LEVEL = "-Onone";
				TARGETED_DEVICE_FAMILY = "1,2";
			};
			name = Debug;
		};
		D4434B431C9EBE8600EAED03 /* Release */ = {
			isa = XCBuildConfiguration;
			buildSettings = {
				ALWAYS_SEARCH_USER_PATHS = NO;
				CLANG_CXX_LANGUAGE_STANDARD = "gnu++0x";
				CLANG_CXX_LIBRARY = "libc++";
				CLANG_ENABLE_MODULES = YES;
				CLANG_ENABLE_OBJC_ARC = YES;
				CLANG_WARN_BOOL_CONVERSION = YES;
				CLANG_WARN_CONSTANT_CONVERSION = YES;
				CLANG_WARN_DIRECT_OBJC_ISA_USAGE = YES_ERROR;
				CLANG_WARN_EMPTY_BODY = YES;
				CLANG_WARN_ENUM_CONVERSION = YES;
				CLANG_WARN_INT_CONVERSION = YES;
				CLANG_WARN_OBJC_ROOT_CLASS = YES_ERROR;
				CLANG_WARN_UNREACHABLE_CODE = YES;
				CLANG_WARN__DUPLICATE_METHOD_MATCH = YES;
				"CODE_SIGN_IDENTITY[sdk=iphoneos*]" = "iPhone Developer";
				COPY_PHASE_STRIP = NO;
				DEBUG_INFORMATION_FORMAT = "dwarf-with-dsym";
				ENABLE_NS_ASSERTIONS = NO;
				ENABLE_STRICT_OBJC_MSGSEND = YES;
				GCC_C_LANGUAGE_STANDARD = gnu99;
				GCC_NO_COMMON_BLOCKS = YES;
				GCC_WARN_64_TO_32_BIT_CONVERSION = YES;
				GCC_WARN_ABOUT_RETURN_TYPE = YES_ERROR;
				GCC_WARN_UNDECLARED_SELECTOR = YES;
				GCC_WARN_UNINITIALIZED_AUTOS = YES_AGGRESSIVE;
				GCC_WARN_UNUSED_FUNCTION = YES;
				GCC_WARN_UNUSED_VARIABLE = YES;
				IPHONEOS_DEPLOYMENT_TARGET = 8.0;
				MTL_ENABLE_DEBUG_INFO = NO;
				SDKROOT = iphoneos;
				TARGETED_DEVICE_FAMILY = "1,2";
				VALIDATE_PRODUCT = YES;
			};
			name = Release;
		};
		D4434B451C9EBE8600EAED03 /* Debug */ = {
			isa = XCBuildConfiguration;
			buildSettings = {
				ASSETCATALOG_COMPILER_APPICON_NAME = AppIcon;
				INFOPLIST_FILE = AnimationAdvanced/Info.plist;
				LD_RUNPATH_SEARCH_PATHS = "$(inherited) @executable_path/Frameworks";
				PRODUCT_BUNDLE_IDENTIFIER = com.RogerChen.AnimationAdvanced;
				PRODUCT_NAME = "$(TARGET_NAME)";
			};
			name = Debug;
		};
		D4434B461C9EBE8600EAED03 /* Release */ = {
			isa = XCBuildConfiguration;
			buildSettings = {
				ASSETCATALOG_COMPILER_APPICON_NAME = AppIcon;
				INFOPLIST_FILE = AnimationAdvanced/Info.plist;
				LD_RUNPATH_SEARCH_PATHS = "$(inherited) @executable_path/Frameworks";
				PRODUCT_BUNDLE_IDENTIFIER = com.RogerChen.AnimationAdvanced;
				PRODUCT_NAME = "$(TARGET_NAME)";
			};
			name = Release;
		};
		D4434B481C9EBE8600EAED03 /* Debug */ = {
			isa = XCBuildConfiguration;
			buildSettings = {
				BUNDLE_LOADER = "$(TEST_HOST)";
				INFOPLIST_FILE = AnimationAdvancedTests/Info.plist;
				LD_RUNPATH_SEARCH_PATHS = "$(inherited) @executable_path/Frameworks @loader_path/Frameworks";
				PRODUCT_BUNDLE_IDENTIFIER = com.RogerChen.AnimationAdvancedTests;
				PRODUCT_NAME = "$(TARGET_NAME)";
				TEST_HOST = "$(BUILT_PRODUCTS_DIR)/AnimationAdvanced.app/AnimationAdvanced";
			};
			name = Debug;
		};
		D4434B491C9EBE8600EAED03 /* Release */ = {
			isa = XCBuildConfiguration;
			buildSettings = {
				BUNDLE_LOADER = "$(TEST_HOST)";
				INFOPLIST_FILE = AnimationAdvancedTests/Info.plist;
				LD_RUNPATH_SEARCH_PATHS = "$(inherited) @executable_path/Frameworks @loader_path/Frameworks";
				PRODUCT_BUNDLE_IDENTIFIER = com.RogerChen.AnimationAdvancedTests;
				PRODUCT_NAME = "$(TARGET_NAME)";
				TEST_HOST = "$(BUILT_PRODUCTS_DIR)/AnimationAdvanced.app/AnimationAdvanced";
			};
			name = Release;
		};
		D4434B4B1C9EBE8600EAED03 /* Debug */ = {
			isa = XCBuildConfiguration;
			buildSettings = {
				INFOPLIST_FILE = AnimationAdvancedUITests/Info.plist;
				LD_RUNPATH_SEARCH_PATHS = "$(inherited) @executable_path/Frameworks @loader_path/Frameworks";
				PRODUCT_BUNDLE_IDENTIFIER = com.RogerChen.AnimationAdvancedUITests;
				PRODUCT_NAME = "$(TARGET_NAME)";
				TEST_TARGET_NAME = AnimationAdvanced;
				USES_XCTRUNNER = YES;
			};
			name = Debug;
		};
		D4434B4C1C9EBE8600EAED03 /* Release */ = {
			isa = XCBuildConfiguration;
			buildSettings = {
				INFOPLIST_FILE = AnimationAdvancedUITests/Info.plist;
				LD_RUNPATH_SEARCH_PATHS = "$(inherited) @executable_path/Frameworks @loader_path/Frameworks";
				PRODUCT_BUNDLE_IDENTIFIER = com.RogerChen.AnimationAdvancedUITests;
				PRODUCT_NAME = "$(TARGET_NAME)";
				TEST_TARGET_NAME = AnimationAdvanced;
				USES_XCTRUNNER = YES;
			};
			name = Release;
		};
/* End XCBuildConfiguration section */

/* Begin XCConfigurationList section */
		D4434B171C9EBE8600EAED03 /* Build configuration list for PBXProject "AnimationAdvanced" */ = {
			isa = XCConfigurationList;
			buildConfigurations = (
				D4434B421C9EBE8600EAED03 /* Debug */,
				D4434B431C9EBE8600EAED03 /* Release */,
			);
			defaultConfigurationIsVisible = 0;
			defaultConfigurationName = Release;
		};
		D4434B441C9EBE8600EAED03 /* Build configuration list for PBXNativeTarget "AnimationAdvanced" */ = {
			isa = XCConfigurationList;
			buildConfigurations = (
				D4434B451C9EBE8600EAED03 /* Debug */,
				D4434B461C9EBE8600EAED03 /* Release */,
			);
			defaultConfigurationIsVisible = 0;
		};
		D4434B471C9EBE8600EAED03 /* Build configuration list for PBXNativeTarget "AnimationAdvancedTests" */ = {
			isa = XCConfigurationList;
			buildConfigurations = (
				D4434B481C9EBE8600EAED03 /* Debug */,
				D4434B491C9EBE8600EAED03 /* Release */,
			);
			defaultConfigurationIsVisible = 0;
		};
		D4434B4A1C9EBE8600EAED03 /* Build configuration list for PBXNativeTarget "AnimationAdvancedUITests" */ = {
			isa = XCConfigurationList;
			buildConfigurations = (
				D4434B4B1C9EBE8600EAED03 /* Debug */,
				D4434B4C1C9EBE8600EAED03 /* Release */,
			);
			defaultConfigurationIsVisible = 0;
		};
/* End XCConfigurationList section */
	};
	rootObject = D4434B141C9EBE8600EAED03 /* Project object */;
}
