// !$*UTF8*$!
{
	archiveVersion = 1;
	classes = {
	};
	objectVersion = 46;
	objects = {

/* Begin PBXBuildFile section */
		D4738B931C9ECA4A00A68308 /* AppDelegate.swift in Sources */ = {isa = PBXBuildFile; fileRef = D4738B921C9ECA4A00A68308 /* AppDelegate.swift */; };
		D4738B951C9ECA4A00A68308 /* ViewController.swift in Sources */ = {isa = PBXBuildFile; fileRef = D4738B941C9ECA4A00A68308 /* ViewController.swift */; };
		D4738B981C9ECA4A00A68308 /* Main.storyboard in Resources */ = {isa = PBXBuildFile; fileRef = D4738B961C9ECA4A00A68308 /* Main.storyboard */; };
		D4738B9A1C9ECA4A00A68308 /* Assets.xcassets in Resources */ = {isa = PBXBuildFile; fileRef = D4738B991C9ECA4A00A68308 /* Assets.xcassets */; };
		D4738B9D1C9ECA4A00A68308 /* LaunchScreen.storyboard in Resources */ = {isa = PBXBuildFile; fileRef = D4738B9B1C9ECA4A00A68308 /* LaunchScreen.storyboard */; };
		D4738BA81C9ECA4A00A68308 /* LoginAnimatonTests.swift in Sources */ = {isa = PBXBuildFile; fileRef = D4738BA71C9ECA4A00A68308 /* LoginAnimatonTests.swift */; };
		D4738BB31C9ECA4B00A68308 /* LoginAnimatonUITests.swift in Sources */ = {isa = PBXBuildFile; fileRef = D4738BB21C9ECA4B00A68308 /* LoginAnimatonUITests.swift */; };
		D4738BC11C9ECCFB00A68308 /* Login.storyboard in Resources */ = {isa = PBXBuildFile; fileRef = D4738BC01C9ECCFB00A68308 /* Login.storyboard */; };
		D4738BC31C9EEF0800A68308 /* KeyframeViewController.swift in Sources */ = {isa = PBXBuildFile; fileRef = D4738BC21C9EEF0800A68308 /* KeyframeViewController.swift */; };
/* End PBXBuildFile section */

/* Begin PBXContainerItemProxy section */
		D4738BA41C9ECA4A00A68308 /* PBXContainerItemProxy */ = {
			isa = PBXContainerItemProxy;
			containerPortal = D4738B871C9ECA4A00A68308 /* Project object */;
			proxyType = 1;
			remoteGlobalIDString = D4738B8E1C9ECA4A00A68308;
			remoteInfo = LoginAnimaton;
		};
		D4738BAF1C9ECA4B00A68308 /* PBXContainerItemProxy */ = {
			isa = PBXContainerItemProxy;
			containerPortal = D4738B871C9ECA4A00A68308 /* Project object */;
			proxyType = 1;
			remoteGlobalIDString = D4738B8E1C9ECA4A00A68308;
			remoteInfo = LoginAnimaton;
		};
/* End PBXContainerItemProxy section */

/* Begin PBXFileReference section */
		D4738B8F1C9ECA4A00A68308 /* LoginAnimaton.app */ = {isa = PBXFileReference; explicitFileType = wrapper.application; includeInIndex = 0; path = LoginAnimaton.app; sourceTree = BUILT_PRODUCTS_DIR; };
		D4738B921C9ECA4A00A68308 /* AppDelegate.swift */ = {isa = PBXFileReference; lastKnownFileType = sourcecode.swift; path = AppDelegate.swift; sourceTree = "<group>"; };
		D4738B941C9ECA4A00A68308 /* ViewController.swift */ = {isa = PBXFileReference; lastKnownFileType = sourcecode.swift; path = ViewController.swift; sourceTree = "<group>"; };
		D4738B971C9ECA4A00A68308 /* Base */ = {isa = PBXFileReference; lastKnownFileType = file.storyboard; name = Base; path = Base.lproj/Main.storyboard; sourceTree = "<group>"; };
		D4738B991C9ECA4A00A68308 /* Assets.xcassets */ = {isa = PBXFileReference; lastKnownFileType = folder.assetcatalog; path = Assets.xcassets; sourceTree = "<group>"; };
		D4738B9C1C9ECA4A00A68308 /* Base */ = {isa = PBXFileReference; lastKnownFileType = file.storyboard; name = Base; path = Base.lproj/LaunchScreen.storyboard; sourceTree = "<group>"; };
		D4738B9E1C9ECA4A00A68308 /* Info.plist */ = {isa = PBXFileReference; lastKnownFileType = text.plist.xml; path = Info.plist; sourceTree = "<group>"; };
		D4738BA31C9ECA4A00A68308 /* LoginAnimatonTests.xctest */ = {isa = PBXFileReference; explicitFileType = wrapper.cfbundle; includeInIndex = 0; path = LoginAnimatonTests.xctest; sourceTree = BUILT_PRODUCTS_DIR; };
		D4738BA71C9ECA4A00A68308 /* LoginAnimatonTests.swift */ = {isa = PBXFileReference; lastKnownFileType = sourcecode.swift; path = LoginAnimatonTests.swift; sourceTree = "<group>"; };
		D4738BA91C9ECA4A00A68308 /* Info.plist */ = {isa = PBXFileReference; lastKnownFileType = text.plist.xml; path = Info.plist; sourceTree = "<group>"; };
		D4738BAE1C9ECA4B00A68308 /* LoginAnimatonUITests.xctest */ = {isa = PBXFileReference; explicitFileType = wrapper.cfbundle; includeInIndex = 0; path = LoginAnimatonUITests.xctest; sourceTree = BUILT_PRODUCTS_DIR; };
		D4738BB21C9ECA4B00A68308 /* LoginAnimatonUITests.swift */ = {isa = PBXFileReference; lastKnownFileType = sourcecode.swift; path = LoginAnimatonUITests.swift; sourceTree = "<group>"; };
		D4738BB41C9ECA4B00A68308 /* Info.plist */ = {isa = PBXFileReference; lastKnownFileType = text.plist.xml; path = Info.plist; sourceTree = "<group>"; };
		D4738BC01C9ECCFB00A68308 /* Login.storyboard */ = {isa = PBXFileReference; fileEncoding = 4; lastKnownFileType = file.storyboard; path = Login.storyboard; sourceTree = "<group>"; };
		D4738BC21C9EEF0800A68308 /* KeyframeViewController.swift */ = {isa = PBXFileReference; fileEncoding = 4; lastKnownFileType = sourcecode.swift; path = KeyframeViewController.swift; sourceTree = "<group>"; };
/* End PBXFileReference section */

/* Begin PBXFrameworksBuildPhase section */
		D4738B8C1C9ECA4A00A68308 /* Frameworks */ = {
			isa = PBXFrameworksBuildPhase;
			buildActionMask = 2147483647;
			files = (
			);
			runOnlyForDeploymentPostprocessing = 0;
		};
		D4738BA01C9ECA4A00A68308 /* Frameworks */ = {
			isa = PBXFrameworksBuildPhase;
			buildActionMask = 2147483647;
			files = (
			);
			runOnlyForDeploymentPostprocessing = 0;
		};
		D4738BAB1C9ECA4B00A68308 /* Frameworks */ = {
			isa = PBXFrameworksBuildPhase;
			buildActionMask = 2147483647;
			files = (
			);
			runOnlyForDeploymentPostprocessing = 0;
		};
/* End PBXFrameworksBuildPhase section */

/* Begin PBXGroup section */
		D4738B861C9ECA4A00A68308 = {
			isa = PBXGroup;
			children = (
				D4738B911C9ECA4A00A68308 /* LoginAnimaton */,
				D4738BA61C9ECA4A00A68308 /* LoginAnimatonTests */,
				D4738BB11C9ECA4B00A68308 /* LoginAnimatonUITests */,
				D4738B901C9ECA4A00A68308 /* Products */,
			);
			sourceTree = "<group>";
		};
		D4738B901C9ECA4A00A68308 /* Products */ = {
			isa = PBXGroup;
			children = (
				D4738B8F1C9ECA4A00A68308 /* LoginAnimaton.app */,
				D4738BA31C9ECA4A00A68308 /* LoginAnimatonTests.xctest */,
				D4738BAE1C9ECA4B00A68308 /* LoginAnimatonUITests.xctest */,
			);
			name = Products;
			sourceTree = "<group>";
		};
		D4738B911C9ECA4A00A68308 /* LoginAnimaton */ = {
			isa = PBXGroup;
			children = (
				D4738B921C9ECA4A00A68308 /* AppDelegate.swift */,
				D4738BC21C9EEF0800A68308 /* KeyframeViewController.swift */,
				D4738B941C9ECA4A00A68308 /* ViewController.swift */,
				D4738B961C9ECA4A00A68308 /* Main.storyboard */,
				D4738BC01C9ECCFB00A68308 /* Login.storyboard */,
				D4738B991C9ECA4A00A68308 /* Assets.xcassets */,
				D4738B9B1C9ECA4A00A68308 /* LaunchScreen.storyboard */,
				D4738B9E1C9ECA4A00A68308 /* Info.plist */,
			);
			path = LoginAnimaton;
			sourceTree = "<group>";
		};
		D4738BA61C9ECA4A00A68308 /* LoginAnimatonTests */ = {
			isa = PBXGroup;
			children = (
				D4738BA71C9ECA4A00A68308 /* LoginAnimatonTests.swift */,
				D4738BA91C9ECA4A00A68308 /* Info.plist */,
			);
			path = LoginAnimatonTests;
			sourceTree = "<group>";
		};
		D4738BB11C9ECA4B00A68308 /* LoginAnimatonUITests */ = {
			isa = PBXGroup;
			children = (
				D4738BB21C9ECA4B00A68308 /* LoginAnimatonUITests.swift */,
				D4738BB41C9ECA4B00A68308 /* Info.plist */,
			);
			path = LoginAnimatonUITests;
			sourceTree = "<group>";
		};
/* End PBXGroup section */

/* Begin PBXNativeTarget section */
		D4738B8E1C9ECA4A00A68308 /* LoginAnimaton */ = {
			isa = PBXNativeTarget;
			buildConfigurationList = D4738BB71C9ECA4B00A68308 /* Build configuration list for PBXNativeTarget "LoginAnimaton" */;
			buildPhases = (
				D4738B8B1C9ECA4A00A68308 /* Sources */,
				D4738B8C1C9ECA4A00A68308 /* Frameworks */,
				D4738B8D1C9ECA4A00A68308 /* Resources */,
			);
			buildRules = (
			);
			dependencies = (
			);
			name = LoginAnimaton;
			productName = LoginAnimaton;
			productReference = D4738B8F1C9ECA4A00A68308 /* LoginAnimaton.app */;
			productType = "com.apple.product-type.application";
		};
		D4738BA21C9ECA4A00A68308 /* LoginAnimatonTests */ = {
			isa = PBXNativeTarget;
			buildConfigurationList = D4738BBA1C9ECA4B00A68308 /* Build configuration list for PBXNativeTarget "LoginAnimatonTests" */;
			buildPhases = (
				D4738B9F1C9ECA4A00A68308 /* Sources */,
				D4738BA01C9ECA4A00A68308 /* Frameworks */,
				D4738BA11C9ECA4A00A68308 /* Resources */,
			);
			buildRules = (
			);
			dependencies = (
				D4738BA51C9ECA4A00A68308 /* PBXTargetDependency */,
			);
			name = LoginAnimatonTests;
			productName = LoginAnimatonTests;
			productReference = D4738BA31C9ECA4A00A68308 /* LoginAnimatonTests.xctest */;
			productType = "com.apple.product-type.bundle.unit-test";
		};
		D4738BAD1C9ECA4B00A68308 /* LoginAnimatonUITests */ = {
			isa = PBXNativeTarget;
			buildConfigurationList = D4738BBD1C9ECA4B00A68308 /* Build configuration list for PBXNativeTarget "LoginAnimatonUITests" */;
			buildPhases = (
				D4738BAA1C9ECA4B00A68308 /* Sources */,
				D4738BAB1C9ECA4B00A68308 /* Frameworks */,
				D4738BAC1C9ECA4B00A68308 /* Resources */,
			);
			buildRules = (
			);
			dependencies = (
				D4738BB01C9ECA4B00A68308 /* PBXTargetDependency */,
			);
			name = LoginAnimatonUITests;
			productName = LoginAnimatonUITests;
			productReference = D4738BAE1C9ECA4B00A68308 /* LoginAnimatonUITests.xctest */;
			productType = "com.apple.product-type.bundle.ui-testing";
		};
/* End PBXNativeTarget section */

/* Begin PBXProject section */
		D4738B871C9ECA4A00A68308 /* Project object */ = {
			isa = PBXProject;
			attributes = {
				LastSwiftUpdateCheck = 0710;
				LastUpgradeCheck = 0710;
				ORGANIZATIONNAME = RogerChen;
				TargetAttributes = {
					D4738B8E1C9ECA4A00A68308 = {
						CreatedOnToolsVersion = 7.1.1;
					};
					D4738BA21C9ECA4A00A68308 = {
						CreatedOnToolsVersion = 7.1.1;
						TestTargetID = D4738B8E1C9ECA4A00A68308;
					};
					D4738BAD1C9ECA4B00A68308 = {
						CreatedOnToolsVersion = 7.1.1;
						TestTargetID = D4738B8E1C9ECA4A00A68308;
					};
				};
			};
			buildConfigurationList = D4738B8A1C9ECA4A00A68308 /* Build configuration list for PBXProject "LoginAnimaton" */;
			compatibilityVersion = "Xcode 3.2";
			developmentRegion = English;
			hasScannedForEncodings = 0;
			knownRegions = (
				en,
				Base,
			);
			mainGroup = D4738B861C9ECA4A00A68308;
			productRefGroup = D4738B901C9ECA4A00A68308 /* Products */;
			projectDirPath = "";
			projectRoot = "";
			targets = (
				D4738B8E1C9ECA4A00A68308 /* LoginAnimaton */,
				D4738BA21C9ECA4A00A68308 /* LoginAnimatonTests */,
				D4738BAD1C9ECA4B00A68308 /* LoginAnimatonUITests */,
			);
		};
/* End PBXProject section */

/* Begin PBXResourcesBuildPhase section */
		D4738B8D1C9ECA4A00A68308 /* Resources */ = {
			isa = PBXResourcesBuildPhase;
			buildActionMask = 2147483647;
			files = (
				D4738BC11C9ECCFB00A68308 /* Login.storyboard in Resources */,
				D4738B9D1C9ECA4A00A68308 /* LaunchScreen.storyboard in Resources */,
				D4738B9A1C9ECA4A00A68308 /* Assets.xcassets in Resources */,
				D4738B981C9ECA4A00A68308 /* Main.storyboard in Resources */,
			);
			runOnlyForDeploymentPostprocessing = 0;
		};
		D4738BA11C9ECA4A00A68308 /* Resources */ = {
			isa = PBXResourcesBuildPhase;
			buildActionMask = 2147483647;
			files = (
			);
			runOnlyForDeploymentPostprocessing = 0;
		};
		D4738BAC1C9ECA4B00A68308 /* Resources */ = {
			isa = PBXResourcesBuildPhase;
			buildActionMask = 2147483647;
			files = (
			);
			runOnlyForDeploymentPostprocessing = 0;
		};
/* End PBXResourcesBuildPhase section */

/* Begin PBXSourcesBuildPhase section */
		D4738B8B1C9ECA4A00A68308 /* Sources */ = {
			isa = PBXSourcesBuildPhase;
			buildActionMask = 2147483647;
			files = (
				D4738BC31C9EEF0800A68308 /* KeyframeViewController.swift in Sources */,
				D4738B951C9ECA4A00A68308 /* ViewController.swift in Sources */,
				D4738B931C9ECA4A00A68308 /* AppDelegate.swift in Sources */,
			);
			runOnlyForDeploymentPostprocessing = 0;
		};
		D4738B9F1C9ECA4A00A68308 /* Sources */ = {
			isa = PBXSourcesBuildPhase;
			buildActionMask = 2147483647;
			files = (
				D4738BA81C9ECA4A00A68308 /* LoginAnimatonTests.swift in Sources */,
			);
			runOnlyForDeploymentPostprocessing = 0;
		};
		D4738BAA1C9ECA4B00A68308 /* Sources */ = {
			isa = PBXSourcesBuildPhase;
			buildActionMask = 2147483647;
			files = (
				D4738BB31C9ECA4B00A68308 /* LoginAnimatonUITests.swift in Sources */,
			);
			runOnlyForDeploymentPostprocessing = 0;
		};
/* End PBXSourcesBuildPhase section */

/* Begin PBXTargetDependency section */
		D4738BA51C9ECA4A00A68308 /* PBXTargetDependency */ = {
			isa = PBXTargetDependency;
			target = D4738B8E1C9ECA4A00A68308 /* LoginAnimaton */;
			targetProxy = D4738BA41C9ECA4A00A68308 /* PBXContainerItemProxy */;
		};
		D4738BB01C9ECA4B00A68308 /* PBXTargetDependency */ = {
			isa = PBXTargetDependency;
			target = D4738B8E1C9ECA4A00A68308 /* LoginAnimaton */;
			targetProxy = D4738BAF1C9ECA4B00A68308 /* PBXContainerItemProxy */;
		};
/* End PBXTargetDependency section */

/* Begin PBXVariantGroup section */
		D4738B961C9ECA4A00A68308 /* Main.storyboard */ = {
			isa = PBXVariantGroup;
			children = (
				D4738B971C9ECA4A00A68308 /* Base */,
			);
			name = Main.storyboard;
			sourceTree = "<group>";
		};
		D4738B9B1C9ECA4A00A68308 /* LaunchScreen.storyboard */ = {
			isa = PBXVariantGroup;
			children = (
				D4738B9C1C9ECA4A00A68308 /* Base */,
			);
			name = LaunchScreen.storyboard;
			sourceTree = "<group>";
		};
/* End PBXVariantGroup section */

/* Begin XCBuildConfiguration section */
		D4738BB51C9ECA4B00A68308 /* Debug */ = {
			isa = XCBuildConfiguration;
			buildSettings = {
				ALWAYS_SEARCH_USER_PATHS = NO;
				CLANG_CXX_LANGUAGE_STANDARD = "gnu++0x";
				CLANG_CXX_LIBRARY = "libc++";
				CLANG_ENABLE_MODULES = YES;
				CLANG_ENABLE_OBJC_ARC = YES;
				CLANG_WARN_BOOL_CONVERSION = YES;
				CLANG_WARN_CONSTANT_CONVERSION = YES;
				CLANG_WARN_DIRECT_OBJC_ISA_USAGE = YES_ERROR;
				CLANG_WARN_EMPTY_BODY = YES;
				CLANG_WARN_ENUM_CONVERSION = YES;
				CLANG_WARN_INT_CONVERSION = YES;
				CLANG_WARN_OBJC_ROOT_CLASS = YES_ERROR;
				CLANG_WARN_UNREACHABLE_CODE = YES;
				CLANG_WARN__DUPLICATE_METHOD_MATCH = YES;
				"CODE_SIGN_IDENTITY[sdk=iphoneos*]" = "iPhone Developer";
				COPY_PHASE_STRIP = NO;
				DEBUG_INFORMATION_FORMAT = dwarf;
				ENABLE_STRICT_OBJC_MSGSEND = YES;
				ENABLE_TESTABILITY = YES;
				GCC_C_LANGUAGE_STANDARD = gnu99;
				GCC_DYNAMIC_NO_PIC = NO;
				GCC_NO_COMMON_BLOCKS = YES;
				GCC_OPTIMIZATION_LEVEL = 0;
				GCC_PREPROCESSOR_DEFINITIONS = (
					"DEBUG=1",
					"$(inherited)",
				);
				GCC_WARN_64_TO_32_BIT_CONVERSION = YES;
				GCC_WARN_ABOUT_RETURN_TYPE = YES_ERROR;
				GCC_WARN_UNDECLARED_SELECTOR = YES;
				GCC_WARN_UNINITIALIZED_AUTOS = YES_AGGRESSIVE;
				GCC_WARN_UNUSED_FUNCTION = YES;
				GCC_WARN_UNUSED_VARIABLE = YES;
				IPHONEOS_DEPLOYMENT_TARGET = 8.0;
				MTL_ENABLE_DEBUG_INFO = YES;
				ONLY_ACTIVE_ARCH = YES;
				SDKROOT = iphoneos;
				SWIFT_OPTIMIZATION_LEVEL = "-Onone";
				TARGETED_DEVICE_FAMILY = "1,2";
			};
			name = Debug;
		};
		D4738BB61C9ECA4B00A68308 /* Release */ = {
			isa = XCBuildConfiguration;
			buildSettings = {
				ALWAYS_SEARCH_USER_PATHS = NO;
				CLANG_CXX_LANGUAGE_STANDARD = "gnu++0x";
				CLANG_CXX_LIBRARY = "libc++";
				CLANG_ENABLE_MODULES = YES;
				CLANG_ENABLE_OBJC_ARC = YES;
				CLANG_WARN_BOOL_CONVERSION = YES;
				CLANG_WARN_CONSTANT_CONVERSION = YES;
				CLANG_WARN_DIRECT_OBJC_ISA_USAGE = YES_ERROR;
				CLANG_WARN_EMPTY_BODY = YES;
				CLANG_WARN_ENUM_CONVERSION = YES;
				CLANG_WARN_INT_CONVERSION = YES;
				CLANG_WARN_OBJC_ROOT_CLASS = YES_ERROR;
				CLANG_WARN_UNREACHABLE_CODE = YES;
				CLANG_WARN__DUPLICATE_METHOD_MATCH = YES;
				"CODE_SIGN_IDENTITY[sdk=iphoneos*]" = "iPhone Developer";
				COPY_PHASE_STRIP = NO;
				DEBUG_INFORMATION_FORMAT = "dwarf-with-dsym";
				ENABLE_NS_ASSERTIONS = NO;
				ENABLE_STRICT_OBJC_MSGSEND = YES;
				GCC_C_LANGUAGE_STANDARD = gnu99;
				GCC_NO_COMMON_BLOCKS = YES;
				GCC_WARN_64_TO_32_BIT_CONVERSION = YES;
				GCC_WARN_ABOUT_RETURN_TYPE = YES_ERROR;
				GCC_WARN_UNDECLARED_SELECTOR = YES;
				GCC_WARN_UNINITIALIZED_AUTOS = YES_AGGRESSIVE;
				GCC_WARN_UNUSED_FUNCTION = YES;
				GCC_WARN_UNUSED_VARIABLE = YES;
				IPHONEOS_DEPLOYMENT_TARGET = 8.0;
				MTL_ENABLE_DEBUG_INFO = NO;
				SDKROOT = iphoneos;
				TARGETED_DEVICE_FAMILY = "1,2";
				VALIDATE_PRODUCT = YES;
			};
			name = Release;
		};
		D4738BB81C9ECA4B00A68308 /* Debug */ = {
			isa = XCBuildConfiguration;
			buildSettings = {
				ASSETCATALOG_COMPILER_APPICON_NAME = AppIcon;
				INFOPLIST_FILE = LoginAnimaton/Info.plist;
				LD_RUNPATH_SEARCH_PATHS = "$(inherited) @executable_path/Frameworks";
				PRODUCT_BUNDLE_IDENTIFIER = com.RogerChen.LoginAnimaton;
				PRODUCT_NAME = "$(TARGET_NAME)";
			};
			name = Debug;
		};
		D4738BB91C9ECA4B00A68308 /* Release */ = {
			isa = XCBuildConfiguration;
			buildSettings = {
				ASSETCATALOG_COMPILER_APPICON_NAME = AppIcon;
				INFOPLIST_FILE = LoginAnimaton/Info.plist;
				LD_RUNPATH_SEARCH_PATHS = "$(inherited) @executable_path/Frameworks";
				PRODUCT_BUNDLE_IDENTIFIER = com.RogerChen.LoginAnimaton;
				PRODUCT_NAME = "$(TARGET_NAME)";
			};
			name = Release;
		};
		D4738BBB1C9ECA4B00A68308 /* Debug */ = {
			isa = XCBuildConfiguration;
			buildSettings = {
				BUNDLE_LOADER = "$(TEST_HOST)";
				INFOPLIST_FILE = LoginAnimatonTests/Info.plist;
				LD_RUNPATH_SEARCH_PATHS = "$(inherited) @executable_path/Frameworks @loader_path/Frameworks";
				PRODUCT_BUNDLE_IDENTIFIER = com.RogerChen.LoginAnimatonTests;
				PRODUCT_NAME = "$(TARGET_NAME)";
				TEST_HOST = "$(BUILT_PRODUCTS_DIR)/LoginAnimaton.app/LoginAnimaton";
			};
			name = Debug;
		};
		D4738BBC1C9ECA4B00A68308 /* Release */ = {
			isa = XCBuildConfiguration;
			buildSettings = {
				BUNDLE_LOADER = "$(TEST_HOST)";
				INFOPLIST_FILE = LoginAnimatonTests/Info.plist;
				LD_RUNPATH_SEARCH_PATHS = "$(inherited) @executable_path/Frameworks @loader_path/Frameworks";
				PRODUCT_BUNDLE_IDENTIFIER = com.RogerChen.LoginAnimatonTests;
				PRODUCT_NAME = "$(TARGET_NAME)";
				TEST_HOST = "$(BUILT_PRODUCTS_DIR)/LoginAnimaton.app/LoginAnimaton";
			};
			name = Release;
		};
		D4738BBE1C9ECA4B00A68308 /* Debug */ = {
			isa = XCBuildConfiguration;
			buildSettings = {
				INFOPLIST_FILE = LoginAnimatonUITests/Info.plist;
				LD_RUNPATH_SEARCH_PATHS = "$(inherited) @executable_path/Frameworks @loader_path/Frameworks";
				PRODUCT_BUNDLE_IDENTIFIER = com.RogerChen.LoginAnimatonUITests;
				PRODUCT_NAME = "$(TARGET_NAME)";
				TEST_TARGET_NAME = LoginAnimaton;
				USES_XCTRUNNER = YES;
			};
			name = Debug;
		};
		D4738BBF1C9ECA4B00A68308 /* Release */ = {
			isa = XCBuildConfiguration;
			buildSettings = {
				INFOPLIST_FILE = LoginAnimatonUITests/Info.plist;
				LD_RUNPATH_SEARCH_PATHS = "$(inherited) @executable_path/Frameworks @loader_path/Frameworks";
				PRODUCT_BUNDLE_IDENTIFIER = com.RogerChen.LoginAnimatonUITests;
				PRODUCT_NAME = "$(TARGET_NAME)";
				TEST_TARGET_NAME = LoginAnimaton;
				USES_XCTRUNNER = YES;
			};
			name = Release;
		};
/* End XCBuildConfiguration section */

/* Begin XCConfigurationList section */
		D4738B8A1C9ECA4A00A68308 /* Build configuration list for PBXProject "LoginAnimaton" */ = {
			isa = XCConfigurationList;
			buildConfigurations = (
				D4738BB51C9ECA4B00A68308 /* Debug */,
				D4738BB61C9ECA4B00A68308 /* Release */,
			);
			defaultConfigurationIsVisible = 0;
			defaultConfigurationName = Release;
		};
		D4738BB71C9ECA4B00A68308 /* Build configuration list for PBXNativeTarget "LoginAnimaton" */ = {
			isa = XCConfigurationList;
			buildConfigurations = (
				D4738BB81C9ECA4B00A68308 /* Debug */,
				D4738BB91C9ECA4B00A68308 /* Release */,
			);
			defaultConfigurationIsVisible = 0;
		};
		D4738BBA1C9ECA4B00A68308 /* Build configuration list for PBXNativeTarget "LoginAnimatonTests" */ = {
			isa = XCConfigurationList;
			buildConfigurations = (
				D4738BBB1C9ECA4B00A68308 /* Debug */,
				D4738BBC1C9ECA4B00A68308 /* Release */,
			);
			defaultConfigurationIsVisible = 0;
		};
		D4738BBD1C9ECA4B00A68308 /* Build configuration list for PBXNativeTarget "LoginAnimatonUITests" */ = {
			isa = XCConfigurationList;
			buildConfigurations = (
				D4738BBE1C9ECA4B00A68308 /* Debug */,
				D4738BBF1C9ECA4B00A68308 /* Release */,
			);
			defaultConfigurationIsVisible = 0;
		};
/* End XCConfigurationList section */
	};
	rootObject = D4738B871C9ECA4A00A68308 /* Project object */;
}
